// !$*UTF8*$!
{
	archiveVersion = 1;
	classes = {
	};
	objectVersion = 51;
	objects = {

/* Begin PBXBuildFile section */
		221BB32D23C10E0D00871C18 /* ApiNasaFilteredConfigurator.swift in Sources */ = {isa = PBXBuildFile; fileRef = 221BB32C23C10E0D00871C18 /* ApiNasaFilteredConfigurator.swift */; };
		221BB32F23C111C500871C18 /* ApiNasaFilteredView.swift in Sources */ = {isa = PBXBuildFile; fileRef = 221BB32E23C111C500871C18 /* ApiNasaFilteredView.swift */; };
		221BB33123C111E800871C18 /* ApiNasaFilteredViewController.swift in Sources */ = {isa = PBXBuildFile; fileRef = 221BB33023C111E800871C18 /* ApiNasaFilteredViewController.swift */; };
		221BB33323C1120000871C18 /* ApiNasaFilteredPresenter.swift in Sources */ = {isa = PBXBuildFile; fileRef = 221BB33223C1120000871C18 /* ApiNasaFilteredPresenter.swift */; };
		221BB33523C1121900871C18 /* ApiNasaFilteredWireframe.swift in Sources */ = {isa = PBXBuildFile; fileRef = 221BB33423C1121900871C18 /* ApiNasaFilteredWireframe.swift */; };
		2233482123CDA9AA0075565C /* ItemDefault.swift in Sources */ = {isa = PBXBuildFile; fileRef = 2233482023CDA9AA0075565C /* ItemDefault.swift */; };
		2281BDDA23B11DC800F88A1A /* AppDelegate.swift in Sources */ = {isa = PBXBuildFile; fileRef = 2281BDD923B11DC800F88A1A /* AppDelegate.swift */; };
		2281BDDC23B11DC800F88A1A /* SceneDelegate.swift in Sources */ = {isa = PBXBuildFile; fileRef = 2281BDDB23B11DC800F88A1A /* SceneDelegate.swift */; };
		2281BDE123B11DC800F88A1A /* Main.storyboard in Resources */ = {isa = PBXBuildFile; fileRef = 2281BDDF23B11DC800F88A1A /* Main.storyboard */; };
		2281BDE323B11DC900F88A1A /* Assets.xcassets in Resources */ = {isa = PBXBuildFile; fileRef = 2281BDE223B11DC900F88A1A /* Assets.xcassets */; };
		2281BDE623B11DC900F88A1A /* LaunchScreen.storyboard in Resources */ = {isa = PBXBuildFile; fileRef = 2281BDE423B11DC900F88A1A /* LaunchScreen.storyboard */; };
		2281BDF123B11DC900F88A1A /* TareaAPINasaTests.swift in Sources */ = {isa = PBXBuildFile; fileRef = 2281BDF023B11DC900F88A1A /* TareaAPINasaTests.swift */; };
		2281BDFC23B11DC900F88A1A /* TareaAPINasaUITests.swift in Sources */ = {isa = PBXBuildFile; fileRef = 2281BDFB23B11DC900F88A1A /* TareaAPINasaUITests.swift */; };
		2281BE1B23B11EF400F88A1A /* ApiNasaViewController.swift in Sources */ = {isa = PBXBuildFile; fileRef = 2281BE1A23B11EF400F88A1A /* ApiNasaViewController.swift */; };
		2281BE1D23B11F0C00F88A1A /* ApiNasaConfigurator.swift in Sources */ = {isa = PBXBuildFile; fileRef = 2281BE1C23B11F0C00F88A1A /* ApiNasaConfigurator.swift */; };
		2281BE1F23B11F1D00F88A1A /* ApiNasaView.swift in Sources */ = {isa = PBXBuildFile; fileRef = 2281BE1E23B11F1D00F88A1A /* ApiNasaView.swift */; };
		2281BE2123B11F3700F88A1A /* ApiNasaPresenter.swift in Sources */ = {isa = PBXBuildFile; fileRef = 2281BE2023B11F3700F88A1A /* ApiNasaPresenter.swift */; };
		2281BE2323B11F4500F88A1A /* ApiNasaWireframe.swift in Sources */ = {isa = PBXBuildFile; fileRef = 2281BE2223B11F4500F88A1A /* ApiNasaWireframe.swift */; };
		2281BE2623B1220800F88A1A /* Configurator.swift in Sources */ = {isa = PBXBuildFile; fileRef = 2281BE2523B1220800F88A1A /* Configurator.swift */; };
		2281BE2823B1222A00F88A1A /* ViewProtocol.swift in Sources */ = {isa = PBXBuildFile; fileRef = 2281BE2723B1222A00F88A1A /* ViewProtocol.swift */; };
		2281BE2C23B1227500F88A1A /* Presenter.swift in Sources */ = {isa = PBXBuildFile; fileRef = 2281BE2B23B1227500F88A1A /* Presenter.swift */; };
		22D81E6B23CF5E4200319DA9 /* RefreshTableProtocol.swift in Sources */ = {isa = PBXBuildFile; fileRef = 22D81E6A23CF5E4200319DA9 /* RefreshTableProtocol.swift */; };
		22D81E6D23CF618300319DA9 /* CustomTableViewController.swift in Sources */ = {isa = PBXBuildFile; fileRef = 22D81E6C23CF618300319DA9 /* CustomTableViewController.swift */; };
		22EA7CC523C723DE003E7560 /* DataNasa.swift in Sources */ = {isa = PBXBuildFile; fileRef = 22EA7CC423C723DE003E7560 /* DataNasa.swift */; };
		22EA7CC723C72406003E7560 /* Link.swift in Sources */ = {isa = PBXBuildFile; fileRef = 22EA7CC623C72406003E7560 /* Link.swift */; };
		22EA7CC923C72423003E7560 /* ItemDetails.swift in Sources */ = {isa = PBXBuildFile; fileRef = 22EA7CC823C72422003E7560 /* ItemDetails.swift */; };
		22EA7CCB23C72480003E7560 /* ItemsInfo.swift in Sources */ = {isa = PBXBuildFile; fileRef = 22EA7CCA23C72480003E7560 /* ItemsInfo.swift */; };
		22EA7CCD23C724A1003E7560 /* CollectionInfo.swift in Sources */ = {isa = PBXBuildFile; fileRef = 22EA7CCC23C724A1003E7560 /* CollectionInfo.swift */; };
		22EA7CD023C728C1003E7560 /* ApiNasaRepository.swift in Sources */ = {isa = PBXBuildFile; fileRef = 22EA7CCF23C728C1003E7560 /* ApiNasaRepository.swift */; };
		22EA7CD223C7298E003E7560 /* ApiNasaDataRepository.swift in Sources */ = {isa = PBXBuildFile; fileRef = 22EA7CD123C7298E003E7560 /* ApiNasaDataRepository.swift */; };
		22EA7CD523C72DB3003E7560 /* ApiNasaInteractor.swift in Sources */ = {isa = PBXBuildFile; fileRef = 22EA7CD423C72DB3003E7560 /* ApiNasaInteractor.swift */; };
		22EA7CD723C72ED1003E7560 /* ApiNasaInteractorImpl.swift in Sources */ = {isa = PBXBuildFile; fileRef = 22EA7CD623C72ED1003E7560 /* ApiNasaInteractorImpl.swift */; };
		22EA7CE623C772E7003E7560 /* ApiNasaDetailConfigurator.swift in Sources */ = {isa = PBXBuildFile; fileRef = 22EA7CE523C772E7003E7560 /* ApiNasaDetailConfigurator.swift */; };
		22EA7CE823C77361003E7560 /* ApiNasaDetailView.swift in Sources */ = {isa = PBXBuildFile; fileRef = 22EA7CE723C77361003E7560 /* ApiNasaDetailView.swift */; };
		22EA7CEC23C773B4003E7560 /* ApiNasaDetailViewController.swift in Sources */ = {isa = PBXBuildFile; fileRef = 22EA7CEB23C773B4003E7560 /* ApiNasaDetailViewController.swift */; };
		22EA7CEE23C773CA003E7560 /* ApiNasaDetailPresenter.swift in Sources */ = {isa = PBXBuildFile; fileRef = 22EA7CED23C773CA003E7560 /* ApiNasaDetailPresenter.swift */; };
		22EA7CF023C773DD003E7560 /* ApiNasaDetailWireframe.swift in Sources */ = {isa = PBXBuildFile; fileRef = 22EA7CEF23C773DD003E7560 /* ApiNasaDetailWireframe.swift */; };
		22EA7CF323CB4400003E7560 /* NasaCell.swift in Sources */ = {isa = PBXBuildFile; fileRef = 22EA7CF123CB43FF003E7560 /* NasaCell.swift */; };
		22EA7CF423CB4400003E7560 /* NasaCell.xib in Resources */ = {isa = PBXBuildFile; fileRef = 22EA7CF223CB43FF003E7560 /* NasaCell.xib */; };
		22EA7CF723CC61F2003E7560 /* ApiNasaFavoritesConfigurator.swift in Sources */ = {isa = PBXBuildFile; fileRef = 22EA7CF623CC61F2003E7560 /* ApiNasaFavoritesConfigurator.swift */; };
		22EA7CF923CC620B003E7560 /* ApiNasaFavoritesView.swift in Sources */ = {isa = PBXBuildFile; fileRef = 22EA7CF823CC620B003E7560 /* ApiNasaFavoritesView.swift */; };
		22EA7CFB23CC623A003E7560 /* ApiNasaFavoritesViewController.swift in Sources */ = {isa = PBXBuildFile; fileRef = 22EA7CFA23CC623A003E7560 /* ApiNasaFavoritesViewController.swift */; };
		22EA7CFD23CC625E003E7560 /* ApiNasaFavoritesPresenter.swift in Sources */ = {isa = PBXBuildFile; fileRef = 22EA7CFC23CC625E003E7560 /* ApiNasaFavoritesPresenter.swift */; };
		22EA7CFF23CC6275003E7560 /* ApiNasaFavoritesWireframe.swift in Sources */ = {isa = PBXBuildFile; fileRef = 22EA7CFE23CC6275003E7560 /* ApiNasaFavoritesWireframe.swift */; };
		940E1E4B267DED495C0D1EEC /* Pods_TareaAPINasa.framework in Frameworks */ = {isa = PBXBuildFile; fileRef = 62CAD0D0D12D38AB7EFE789B /* Pods_TareaAPINasa.framework */; };
		B4B0971702F7BEB33E5DFB7A /* Pods_TareaAPINasaTests.framework in Frameworks */ = {isa = PBXBuildFile; fileRef = 7FB26D372E9FDA66A44791BC /* Pods_TareaAPINasaTests.framework */; };
		F00CFB4432331DDFD69FAD4B /* Pods_TareaAPINasa_TareaAPINasaUITests.framework in Frameworks */ = {isa = PBXBuildFile; fileRef = 2C38913DFAB3132FE3744348 /* Pods_TareaAPINasa_TareaAPINasaUITests.framework */; };
/* End PBXBuildFile section */

/* Begin PBXContainerItemProxy section */
		2281BDED23B11DC900F88A1A /* PBXContainerItemProxy */ = {
			isa = PBXContainerItemProxy;
			containerPortal = 2281BDCE23B11DC800F88A1A /* Project object */;
			proxyType = 1;
			remoteGlobalIDString = 2281BDD523B11DC800F88A1A;
			remoteInfo = TareaAPINasa;
		};
		2281BDF823B11DC900F88A1A /* PBXContainerItemProxy */ = {
			isa = PBXContainerItemProxy;
			containerPortal = 2281BDCE23B11DC800F88A1A /* Project object */;
			proxyType = 1;
			remoteGlobalIDString = 2281BDD523B11DC800F88A1A;
			remoteInfo = TareaAPINasa;
		};
/* End PBXContainerItemProxy section */

/* Begin PBXFileReference section */
		0B662BA6B3537077F4367FE3 /* Pods-TareaAPINasaTests.release.xcconfig */ = {isa = PBXFileReference; includeInIndex = 1; lastKnownFileType = text.xcconfig; name = "Pods-TareaAPINasaTests.release.xcconfig"; path = "Target Support Files/Pods-TareaAPINasaTests/Pods-TareaAPINasaTests.release.xcconfig"; sourceTree = "<group>"; };
		1F6FBAF56CE63BF970DAFEF7 /* Pods-TareaAPINasa.release.xcconfig */ = {isa = PBXFileReference; includeInIndex = 1; lastKnownFileType = text.xcconfig; name = "Pods-TareaAPINasa.release.xcconfig"; path = "Target Support Files/Pods-TareaAPINasa/Pods-TareaAPINasa.release.xcconfig"; sourceTree = "<group>"; };
		221BB32C23C10E0D00871C18 /* ApiNasaFilteredConfigurator.swift */ = {isa = PBXFileReference; lastKnownFileType = sourcecode.swift; path = ApiNasaFilteredConfigurator.swift; sourceTree = "<group>"; };
		221BB32E23C111C500871C18 /* ApiNasaFilteredView.swift */ = {isa = PBXFileReference; lastKnownFileType = sourcecode.swift; path = ApiNasaFilteredView.swift; sourceTree = "<group>"; };
		221BB33023C111E800871C18 /* ApiNasaFilteredViewController.swift */ = {isa = PBXFileReference; lastKnownFileType = sourcecode.swift; path = ApiNasaFilteredViewController.swift; sourceTree = "<group>"; };
		221BB33223C1120000871C18 /* ApiNasaFilteredPresenter.swift */ = {isa = PBXFileReference; lastKnownFileType = sourcecode.swift; path = ApiNasaFilteredPresenter.swift; sourceTree = "<group>"; };
		221BB33423C1121900871C18 /* ApiNasaFilteredWireframe.swift */ = {isa = PBXFileReference; lastKnownFileType = sourcecode.swift; path = ApiNasaFilteredWireframe.swift; sourceTree = "<group>"; };
		2233482023CDA9AA0075565C /* ItemDefault.swift */ = {isa = PBXFileReference; lastKnownFileType = sourcecode.swift; path = ItemDefault.swift; sourceTree = "<group>"; };
		2281BDD623B11DC800F88A1A /* TareaAPINasa.app */ = {isa = PBXFileReference; explicitFileType = wrapper.application; includeInIndex = 0; path = TareaAPINasa.app; sourceTree = BUILT_PRODUCTS_DIR; };
		2281BDD923B11DC800F88A1A /* AppDelegate.swift */ = {isa = PBXFileReference; lastKnownFileType = sourcecode.swift; path = AppDelegate.swift; sourceTree = "<group>"; };
		2281BDDB23B11DC800F88A1A /* SceneDelegate.swift */ = {isa = PBXFileReference; lastKnownFileType = sourcecode.swift; path = SceneDelegate.swift; sourceTree = "<group>"; };
		2281BDE023B11DC800F88A1A /* Base */ = {isa = PBXFileReference; lastKnownFileType = file.storyboard; name = Base; path = Base.lproj/Main.storyboard; sourceTree = "<group>"; };
		2281BDE223B11DC900F88A1A /* Assets.xcassets */ = {isa = PBXFileReference; lastKnownFileType = folder.assetcatalog; path = Assets.xcassets; sourceTree = "<group>"; };
		2281BDE523B11DC900F88A1A /* Base */ = {isa = PBXFileReference; lastKnownFileType = file.storyboard; name = Base; path = Base.lproj/LaunchScreen.storyboard; sourceTree = "<group>"; };
		2281BDE723B11DC900F88A1A /* Info.plist */ = {isa = PBXFileReference; lastKnownFileType = text.plist.xml; path = Info.plist; sourceTree = "<group>"; };
		2281BDEC23B11DC900F88A1A /* TareaAPINasaTests.xctest */ = {isa = PBXFileReference; explicitFileType = wrapper.cfbundle; includeInIndex = 0; path = TareaAPINasaTests.xctest; sourceTree = BUILT_PRODUCTS_DIR; };
		2281BDF023B11DC900F88A1A /* TareaAPINasaTests.swift */ = {isa = PBXFileReference; lastKnownFileType = sourcecode.swift; path = TareaAPINasaTests.swift; sourceTree = "<group>"; };
		2281BDF223B11DC900F88A1A /* Info.plist */ = {isa = PBXFileReference; lastKnownFileType = text.plist.xml; path = Info.plist; sourceTree = "<group>"; };
		2281BDF723B11DC900F88A1A /* TareaAPINasaUITests.xctest */ = {isa = PBXFileReference; explicitFileType = wrapper.cfbundle; includeInIndex = 0; path = TareaAPINasaUITests.xctest; sourceTree = BUILT_PRODUCTS_DIR; };
		2281BDFB23B11DC900F88A1A /* TareaAPINasaUITests.swift */ = {isa = PBXFileReference; lastKnownFileType = sourcecode.swift; path = TareaAPINasaUITests.swift; sourceTree = "<group>"; };
		2281BDFD23B11DC900F88A1A /* Info.plist */ = {isa = PBXFileReference; lastKnownFileType = text.plist.xml; path = Info.plist; sourceTree = "<group>"; };
		2281BE1A23B11EF400F88A1A /* ApiNasaViewController.swift */ = {isa = PBXFileReference; lastKnownFileType = sourcecode.swift; path = ApiNasaViewController.swift; sourceTree = "<group>"; };
		2281BE1C23B11F0C00F88A1A /* ApiNasaConfigurator.swift */ = {isa = PBXFileReference; lastKnownFileType = sourcecode.swift; path = ApiNasaConfigurator.swift; sourceTree = "<group>"; };
		2281BE1E23B11F1D00F88A1A /* ApiNasaView.swift */ = {isa = PBXFileReference; lastKnownFileType = sourcecode.swift; path = ApiNasaView.swift; sourceTree = "<group>"; };
		2281BE2023B11F3700F88A1A /* ApiNasaPresenter.swift */ = {isa = PBXFileReference; lastKnownFileType = sourcecode.swift; path = ApiNasaPresenter.swift; sourceTree = "<group>"; };
		2281BE2223B11F4500F88A1A /* ApiNasaWireframe.swift */ = {isa = PBXFileReference; lastKnownFileType = sourcecode.swift; path = ApiNasaWireframe.swift; sourceTree = "<group>"; };
		2281BE2523B1220800F88A1A /* Configurator.swift */ = {isa = PBXFileReference; lastKnownFileType = sourcecode.swift; path = Configurator.swift; sourceTree = "<group>"; };
		2281BE2723B1222A00F88A1A /* ViewProtocol.swift */ = {isa = PBXFileReference; lastKnownFileType = sourcecode.swift; path = ViewProtocol.swift; sourceTree = "<group>"; };
		2281BE2B23B1227500F88A1A /* Presenter.swift */ = {isa = PBXFileReference; lastKnownFileType = sourcecode.swift; path = Presenter.swift; sourceTree = "<group>"; };
		22D81E6A23CF5E4200319DA9 /* RefreshTableProtocol.swift */ = {isa = PBXFileReference; lastKnownFileType = sourcecode.swift; path = RefreshTableProtocol.swift; sourceTree = "<group>"; };
		22D81E6C23CF618300319DA9 /* CustomTableViewController.swift */ = {isa = PBXFileReference; lastKnownFileType = sourcecode.swift; path = CustomTableViewController.swift; sourceTree = "<group>"; };
		22EA7CC423C723DE003E7560 /* DataNasa.swift */ = {isa = PBXFileReference; lastKnownFileType = sourcecode.swift; path = DataNasa.swift; sourceTree = "<group>"; };
		22EA7CC623C72406003E7560 /* Link.swift */ = {isa = PBXFileReference; lastKnownFileType = sourcecode.swift; path = Link.swift; sourceTree = "<group>"; };
		22EA7CC823C72422003E7560 /* ItemDetails.swift */ = {isa = PBXFileReference; lastKnownFileType = sourcecode.swift; path = ItemDetails.swift; sourceTree = "<group>"; };
		22EA7CCA23C72480003E7560 /* ItemsInfo.swift */ = {isa = PBXFileReference; lastKnownFileType = sourcecode.swift; path = ItemsInfo.swift; sourceTree = "<group>"; };
		22EA7CCC23C724A1003E7560 /* CollectionInfo.swift */ = {isa = PBXFileReference; lastKnownFileType = sourcecode.swift; path = CollectionInfo.swift; sourceTree = "<group>"; };
		22EA7CCF23C728C1003E7560 /* ApiNasaRepository.swift */ = {isa = PBXFileReference; lastKnownFileType = sourcecode.swift; path = ApiNasaRepository.swift; sourceTree = "<group>"; };
		22EA7CD123C7298E003E7560 /* ApiNasaDataRepository.swift */ = {isa = PBXFileReference; lastKnownFileType = sourcecode.swift; path = ApiNasaDataRepository.swift; sourceTree = "<group>"; };
		22EA7CD423C72DB3003E7560 /* ApiNasaInteractor.swift */ = {isa = PBXFileReference; lastKnownFileType = sourcecode.swift; path = ApiNasaInteractor.swift; sourceTree = "<group>"; };
		22EA7CD623C72ED1003E7560 /* ApiNasaInteractorImpl.swift */ = {isa = PBXFileReference; lastKnownFileType = sourcecode.swift; path = ApiNasaInteractorImpl.swift; sourceTree = "<group>"; };
		22EA7CE523C772E7003E7560 /* ApiNasaDetailConfigurator.swift */ = {isa = PBXFileReference; lastKnownFileType = sourcecode.swift; path = ApiNasaDetailConfigurator.swift; sourceTree = "<group>"; };
		22EA7CE723C77361003E7560 /* ApiNasaDetailView.swift */ = {isa = PBXFileReference; lastKnownFileType = sourcecode.swift; path = ApiNasaDetailView.swift; sourceTree = "<group>"; };
		22EA7CEB23C773B4003E7560 /* ApiNasaDetailViewController.swift */ = {isa = PBXFileReference; lastKnownFileType = sourcecode.swift; path = ApiNasaDetailViewController.swift; sourceTree = "<group>"; };
		22EA7CED23C773CA003E7560 /* ApiNasaDetailPresenter.swift */ = {isa = PBXFileReference; lastKnownFileType = sourcecode.swift; path = ApiNasaDetailPresenter.swift; sourceTree = "<group>"; };
		22EA7CEF23C773DD003E7560 /* ApiNasaDetailWireframe.swift */ = {isa = PBXFileReference; lastKnownFileType = sourcecode.swift; path = ApiNasaDetailWireframe.swift; sourceTree = "<group>"; };
		22EA7CF123CB43FF003E7560 /* NasaCell.swift */ = {isa = PBXFileReference; lastKnownFileType = sourcecode.swift; path = NasaCell.swift; sourceTree = "<group>"; };
		22EA7CF223CB43FF003E7560 /* NasaCell.xib */ = {isa = PBXFileReference; lastKnownFileType = file.xib; path = NasaCell.xib; sourceTree = "<group>"; };
		22EA7CF623CC61F2003E7560 /* ApiNasaFavoritesConfigurator.swift */ = {isa = PBXFileReference; lastKnownFileType = sourcecode.swift; path = ApiNasaFavoritesConfigurator.swift; sourceTree = "<group>"; };
		22EA7CF823CC620B003E7560 /* ApiNasaFavoritesView.swift */ = {isa = PBXFileReference; lastKnownFileType = sourcecode.swift; path = ApiNasaFavoritesView.swift; sourceTree = "<group>"; };
		22EA7CFA23CC623A003E7560 /* ApiNasaFavoritesViewController.swift */ = {isa = PBXFileReference; lastKnownFileType = sourcecode.swift; path = ApiNasaFavoritesViewController.swift; sourceTree = "<group>"; };
		22EA7CFC23CC625E003E7560 /* ApiNasaFavoritesPresenter.swift */ = {isa = PBXFileReference; lastKnownFileType = sourcecode.swift; path = ApiNasaFavoritesPresenter.swift; sourceTree = "<group>"; };
		22EA7CFE23CC6275003E7560 /* ApiNasaFavoritesWireframe.swift */ = {isa = PBXFileReference; lastKnownFileType = sourcecode.swift; path = ApiNasaFavoritesWireframe.swift; sourceTree = "<group>"; };
		2C38913DFAB3132FE3744348 /* Pods_TareaAPINasa_TareaAPINasaUITests.framework */ = {isa = PBXFileReference; explicitFileType = wrapper.framework; includeInIndex = 0; path = Pods_TareaAPINasa_TareaAPINasaUITests.framework; sourceTree = BUILT_PRODUCTS_DIR; };
		62CAD0D0D12D38AB7EFE789B /* Pods_TareaAPINasa.framework */ = {isa = PBXFileReference; explicitFileType = wrapper.framework; includeInIndex = 0; path = Pods_TareaAPINasa.framework; sourceTree = BUILT_PRODUCTS_DIR; };
		7FB26D372E9FDA66A44791BC /* Pods_TareaAPINasaTests.framework */ = {isa = PBXFileReference; explicitFileType = wrapper.framework; includeInIndex = 0; path = Pods_TareaAPINasaTests.framework; sourceTree = BUILT_PRODUCTS_DIR; };
		8723BCF234179DC4818B6DC0 /* Pods-TareaAPINasa-TareaAPINasaUITests.release.xcconfig */ = {isa = PBXFileReference; includeInIndex = 1; lastKnownFileType = text.xcconfig; name = "Pods-TareaAPINasa-TareaAPINasaUITests.release.xcconfig"; path = "Target Support Files/Pods-TareaAPINasa-TareaAPINasaUITests/Pods-TareaAPINasa-TareaAPINasaUITests.release.xcconfig"; sourceTree = "<group>"; };
		8B5EE8E566850615C2EC6F6A /* Pods-TareaAPINasa-TareaAPINasaUITests.debug.xcconfig */ = {isa = PBXFileReference; includeInIndex = 1; lastKnownFileType = text.xcconfig; name = "Pods-TareaAPINasa-TareaAPINasaUITests.debug.xcconfig"; path = "Target Support Files/Pods-TareaAPINasa-TareaAPINasaUITests/Pods-TareaAPINasa-TareaAPINasaUITests.debug.xcconfig"; sourceTree = "<group>"; };
		999AED219D553CDB915F8137 /* Pods-TareaAPINasaTests.debug.xcconfig */ = {isa = PBXFileReference; includeInIndex = 1; lastKnownFileType = text.xcconfig; name = "Pods-TareaAPINasaTests.debug.xcconfig"; path = "Target Support Files/Pods-TareaAPINasaTests/Pods-TareaAPINasaTests.debug.xcconfig"; sourceTree = "<group>"; };
		9F1607FF180F6AEBE3AA406B /* Pods-TareaAPINasa.debug.xcconfig */ = {isa = PBXFileReference; includeInIndex = 1; lastKnownFileType = text.xcconfig; name = "Pods-TareaAPINasa.debug.xcconfig"; path = "Target Support Files/Pods-TareaAPINasa/Pods-TareaAPINasa.debug.xcconfig"; sourceTree = "<group>"; };
/* End PBXFileReference section */

/* Begin PBXFrameworksBuildPhase section */
		2281BDD323B11DC800F88A1A /* Frameworks */ = {
			isa = PBXFrameworksBuildPhase;
			buildActionMask = 2147483647;
			files = (
				940E1E4B267DED495C0D1EEC /* Pods_TareaAPINasa.framework in Frameworks */,
			);
			runOnlyForDeploymentPostprocessing = 0;
		};
		2281BDE923B11DC900F88A1A /* Frameworks */ = {
			isa = PBXFrameworksBuildPhase;
			buildActionMask = 2147483647;
			files = (
				B4B0971702F7BEB33E5DFB7A /* Pods_TareaAPINasaTests.framework in Frameworks */,
			);
			runOnlyForDeploymentPostprocessing = 0;
		};
		2281BDF423B11DC900F88A1A /* Frameworks */ = {
			isa = PBXFrameworksBuildPhase;
			buildActionMask = 2147483647;
			files = (
				F00CFB4432331DDFD69FAD4B /* Pods_TareaAPINasa_TareaAPINasaUITests.framework in Frameworks */,
			);
			runOnlyForDeploymentPostprocessing = 0;
		};
/* End PBXFrameworksBuildPhase section */

/* Begin PBXGroup section */
		221BB32B23C10DD000871C18 /* ApiNasaFiltered */ = {
			isa = PBXGroup;
			children = (
				221BB32C23C10E0D00871C18 /* ApiNasaFilteredConfigurator.swift */,
				221BB32E23C111C500871C18 /* ApiNasaFilteredView.swift */,
				221BB33023C111E800871C18 /* ApiNasaFilteredViewController.swift */,
				221BB33223C1120000871C18 /* ApiNasaFilteredPresenter.swift */,
				221BB33423C1121900871C18 /* ApiNasaFilteredWireframe.swift */,
			);
			path = ApiNasaFiltered;
			sourceTree = "<group>";
		};
		2257D52023D1A2ED0051720F /* Components */ = {
			isa = PBXGroup;
			children = (
				22D81E6C23CF618300319DA9 /* CustomTableViewController.swift */,
				22EA7CF123CB43FF003E7560 /* NasaCell.swift */,
				22EA7CF223CB43FF003E7560 /* NasaCell.xib */,
				22D81E6A23CF5E4200319DA9 /* RefreshTableProtocol.swift */,
			);
			path = Components;
			sourceTree = "<group>";
		};
		2281BDCD23B11DC800F88A1A = {
			isa = PBXGroup;
			children = (
				2281BDD823B11DC800F88A1A /* TareaAPINasa */,
				2281BDEF23B11DC900F88A1A /* TareaAPINasaTests */,
				2281BDFA23B11DC900F88A1A /* TareaAPINasaUITests */,
				2281BDD723B11DC800F88A1A /* Products */,
				DBE2533329FEDAECD11E732E /* Pods */,
				3E9741DE8E37D6F944A292BD /* Frameworks */,
			);
			sourceTree = "<group>";
		};
		2281BDD723B11DC800F88A1A /* Products */ = {
			isa = PBXGroup;
			children = (
				2281BDD623B11DC800F88A1A /* TareaAPINasa.app */,
				2281BDEC23B11DC900F88A1A /* TareaAPINasaTests.xctest */,
				2281BDF723B11DC900F88A1A /* TareaAPINasaUITests.xctest */,
			);
			name = Products;
			sourceTree = "<group>";
		};
		2281BDD823B11DC800F88A1A /* TareaAPINasa */ = {
			isa = PBXGroup;
			children = (
				2257D52023D1A2ED0051720F /* Components */,
				2281BE2423B121DD00F88A1A /* Arquitecture */,
				2281BE0B23B11E8000F88A1A /* ApiNasa */,
				22EA7CE423C77286003E7560 /* ApiNasaDetail */,
				221BB32B23C10DD000871C18 /* ApiNasaFiltered */,
				22EA7CF523CC617D003E7560 /* ApiNasaFavorites */,
				22EA7CD323C72D6B003E7560 /* Interactor */,
				22EA7CC123C7232F003E7560 /* Models */,
				22EA7CCE23C727E1003E7560 /* Repositiry */,
				2281BDD923B11DC800F88A1A /* AppDelegate.swift */,
				2281BDDB23B11DC800F88A1A /* SceneDelegate.swift */,
				2281BDDF23B11DC800F88A1A /* Main.storyboard */,
				2281BDE223B11DC900F88A1A /* Assets.xcassets */,
				2281BDE423B11DC900F88A1A /* LaunchScreen.storyboard */,
				2281BDE723B11DC900F88A1A /* Info.plist */,
			);
			path = TareaAPINasa;
			sourceTree = "<group>";
		};
		2281BDEF23B11DC900F88A1A /* TareaAPINasaTests */ = {
			isa = PBXGroup;
			children = (
				2281BDF023B11DC900F88A1A /* TareaAPINasaTests.swift */,
				2281BDF223B11DC900F88A1A /* Info.plist */,
			);
			path = TareaAPINasaTests;
			sourceTree = "<group>";
		};
		2281BDFA23B11DC900F88A1A /* TareaAPINasaUITests */ = {
			isa = PBXGroup;
			children = (
				2281BDFB23B11DC900F88A1A /* TareaAPINasaUITests.swift */,
				2281BDFD23B11DC900F88A1A /* Info.plist */,
			);
			path = TareaAPINasaUITests;
			sourceTree = "<group>";
		};
		2281BE0B23B11E8000F88A1A /* ApiNasa */ = {
			isa = PBXGroup;
			children = (
				2281BE1C23B11F0C00F88A1A /* ApiNasaConfigurator.swift */,
				2281BE1E23B11F1D00F88A1A /* ApiNasaView.swift */,
				2281BE1A23B11EF400F88A1A /* ApiNasaViewController.swift */,
				2281BE2023B11F3700F88A1A /* ApiNasaPresenter.swift */,
				2281BE2223B11F4500F88A1A /* ApiNasaWireframe.swift */,
			);
			path = ApiNasa;
			sourceTree = "<group>";
		};
		2281BE2423B121DD00F88A1A /* Arquitecture */ = {
			isa = PBXGroup;
			children = (
				2281BE2523B1220800F88A1A /* Configurator.swift */,
				2281BE2723B1222A00F88A1A /* ViewProtocol.swift */,
				2281BE2B23B1227500F88A1A /* Presenter.swift */,
			);
			path = Arquitecture;
			sourceTree = "<group>";
		};
		22EA7CC123C7232F003E7560 /* Models */ = {
			isa = PBXGroup;
			children = (
				22EA7CC423C723DE003E7560 /* DataNasa.swift */,
				22EA7CC623C72406003E7560 /* Link.swift */,
				22EA7CC823C72422003E7560 /* ItemDetails.swift */,
				22EA7CCA23C72480003E7560 /* ItemsInfo.swift */,
				22EA7CCC23C724A1003E7560 /* CollectionInfo.swift */,
				2233482023CDA9AA0075565C /* ItemDefault.swift */,
			);
			path = Models;
			sourceTree = "<group>";
		};
		22EA7CCE23C727E1003E7560 /* Repositiry */ = {
			isa = PBXGroup;
			children = (
				22EA7CCF23C728C1003E7560 /* ApiNasaRepository.swift */,
				22EA7CD123C7298E003E7560 /* ApiNasaDataRepository.swift */,
			);
			path = Repositiry;
			sourceTree = "<group>";
		};
		22EA7CD323C72D6B003E7560 /* Interactor */ = {
			isa = PBXGroup;
			children = (
				22EA7CD423C72DB3003E7560 /* ApiNasaInteractor.swift */,
				22EA7CD623C72ED1003E7560 /* ApiNasaInteractorImpl.swift */,
			);
			path = Interactor;
			sourceTree = "<group>";
		};
		22EA7CE423C77286003E7560 /* ApiNasaDetail */ = {
			isa = PBXGroup;
			children = (
				22EA7CE523C772E7003E7560 /* ApiNasaDetailConfigurator.swift */,
				22EA7CE723C77361003E7560 /* ApiNasaDetailView.swift */,
				22EA7CEB23C773B4003E7560 /* ApiNasaDetailViewController.swift */,
				22EA7CED23C773CA003E7560 /* ApiNasaDetailPresenter.swift */,
				22EA7CEF23C773DD003E7560 /* ApiNasaDetailWireframe.swift */,
			);
			path = ApiNasaDetail;
			sourceTree = "<group>";
		};
		22EA7CF523CC617D003E7560 /* ApiNasaFavorites */ = {
			isa = PBXGroup;
			children = (
				22EA7CF623CC61F2003E7560 /* ApiNasaFavoritesConfigurator.swift */,
				22EA7CF823CC620B003E7560 /* ApiNasaFavoritesView.swift */,
				22EA7CFA23CC623A003E7560 /* ApiNasaFavoritesViewController.swift */,
				22EA7CFC23CC625E003E7560 /* ApiNasaFavoritesPresenter.swift */,
				22EA7CFE23CC6275003E7560 /* ApiNasaFavoritesWireframe.swift */,
			);
			path = ApiNasaFavorites;
			sourceTree = "<group>";
		};
		3E9741DE8E37D6F944A292BD /* Frameworks */ = {
			isa = PBXGroup;
			children = (
				62CAD0D0D12D38AB7EFE789B /* Pods_TareaAPINasa.framework */,
				2C38913DFAB3132FE3744348 /* Pods_TareaAPINasa_TareaAPINasaUITests.framework */,
				7FB26D372E9FDA66A44791BC /* Pods_TareaAPINasaTests.framework */,
			);
			name = Frameworks;
			sourceTree = "<group>";
		};
		DBE2533329FEDAECD11E732E /* Pods */ = {
			isa = PBXGroup;
			children = (
				9F1607FF180F6AEBE3AA406B /* Pods-TareaAPINasa.debug.xcconfig */,
				1F6FBAF56CE63BF970DAFEF7 /* Pods-TareaAPINasa.release.xcconfig */,
				8B5EE8E566850615C2EC6F6A /* Pods-TareaAPINasa-TareaAPINasaUITests.debug.xcconfig */,
				8723BCF234179DC4818B6DC0 /* Pods-TareaAPINasa-TareaAPINasaUITests.release.xcconfig */,
				999AED219D553CDB915F8137 /* Pods-TareaAPINasaTests.debug.xcconfig */,
				0B662BA6B3537077F4367FE3 /* Pods-TareaAPINasaTests.release.xcconfig */,
			);
			path = Pods;
			sourceTree = "<group>";
		};
/* End PBXGroup section */

/* Begin PBXNativeTarget section */
		2281BDD523B11DC800F88A1A /* TareaAPINasa */ = {
			isa = PBXNativeTarget;
			buildConfigurationList = 2281BE0023B11DC900F88A1A /* Build configuration list for PBXNativeTarget "TareaAPINasa" */;
			buildPhases = (
				6EE6121CDF47E795A8587140 /* [CP] Check Pods Manifest.lock */,
				2281BDD223B11DC800F88A1A /* Sources */,
				2281BDD323B11DC800F88A1A /* Frameworks */,
				2281BDD423B11DC800F88A1A /* Resources */,
				3E3F9B88F8214AE50A56B691 /* [CP] Embed Pods Frameworks */,
			);
			buildRules = (
			);
			dependencies = (
			);
			name = TareaAPINasa;
			productName = TareaAPINasa;
			productReference = 2281BDD623B11DC800F88A1A /* TareaAPINasa.app */;
			productType = "com.apple.product-type.application";
		};
		2281BDEB23B11DC900F88A1A /* TareaAPINasaTests */ = {
			isa = PBXNativeTarget;
			buildConfigurationList = 2281BE0323B11DC900F88A1A /* Build configuration list for PBXNativeTarget "TareaAPINasaTests" */;
			buildPhases = (
				810ADC923CD8394058B9034C /* [CP] Check Pods Manifest.lock */,
				2281BDE823B11DC900F88A1A /* Sources */,
				2281BDE923B11DC900F88A1A /* Frameworks */,
				2281BDEA23B11DC900F88A1A /* Resources */,
			);
			buildRules = (
			);
			dependencies = (
				2281BDEE23B11DC900F88A1A /* PBXTargetDependency */,
			);
			name = TareaAPINasaTests;
			productName = TareaAPINasaTests;
			productReference = 2281BDEC23B11DC900F88A1A /* TareaAPINasaTests.xctest */;
			productType = "com.apple.product-type.bundle.unit-test";
		};
		2281BDF623B11DC900F88A1A /* TareaAPINasaUITests */ = {
			isa = PBXNativeTarget;
			buildConfigurationList = 2281BE0623B11DC900F88A1A /* Build configuration list for PBXNativeTarget "TareaAPINasaUITests" */;
			buildPhases = (
				39CB5E9328F10273576CFBF3 /* [CP] Check Pods Manifest.lock */,
				2281BDF323B11DC900F88A1A /* Sources */,
				2281BDF423B11DC900F88A1A /* Frameworks */,
				2281BDF523B11DC900F88A1A /* Resources */,
				9118AFAC7C3C4CE043989AF8 /* [CP] Embed Pods Frameworks */,
			);
			buildRules = (
			);
			dependencies = (
				2281BDF923B11DC900F88A1A /* PBXTargetDependency */,
			);
			name = TareaAPINasaUITests;
			productName = TareaAPINasaUITests;
			productReference = 2281BDF723B11DC900F88A1A /* TareaAPINasaUITests.xctest */;
			productType = "com.apple.product-type.bundle.ui-testing";
		};
/* End PBXNativeTarget section */

/* Begin PBXProject section */
		2281BDCE23B11DC800F88A1A /* Project object */ = {
			isa = PBXProject;
			attributes = {
				LastSwiftUpdateCheck = 1130;
				LastUpgradeCheck = 1130;
				ORGANIZATIONNAME = "Gloria Flaqué García";
				TargetAttributes = {
					2281BDD523B11DC800F88A1A = {
						CreatedOnToolsVersion = 11.3;
					};
					2281BDEB23B11DC900F88A1A = {
						CreatedOnToolsVersion = 11.3;
						TestTargetID = 2281BDD523B11DC800F88A1A;
					};
					2281BDF623B11DC900F88A1A = {
						CreatedOnToolsVersion = 11.3;
						TestTargetID = 2281BDD523B11DC800F88A1A;
					};
				};
			};
			buildConfigurationList = 2281BDD123B11DC800F88A1A /* Build configuration list for PBXProject "TareaAPINasa" */;
			compatibilityVersion = "Xcode 9.3";
			developmentRegion = en;
			hasScannedForEncodings = 0;
			knownRegions = (
				en,
				Base,
			);
			mainGroup = 2281BDCD23B11DC800F88A1A;
			productRefGroup = 2281BDD723B11DC800F88A1A /* Products */;
			projectDirPath = "";
			projectRoot = "";
			targets = (
				2281BDD523B11DC800F88A1A /* TareaAPINasa */,
				2281BDEB23B11DC900F88A1A /* TareaAPINasaTests */,
				2281BDF623B11DC900F88A1A /* TareaAPINasaUITests */,
			);
		};
/* End PBXProject section */

/* Begin PBXResourcesBuildPhase section */
		2281BDD423B11DC800F88A1A /* Resources */ = {
			isa = PBXResourcesBuildPhase;
			buildActionMask = 2147483647;
			files = (
				22EA7CF423CB4400003E7560 /* NasaCell.xib in Resources */,
				2281BDE623B11DC900F88A1A /* LaunchScreen.storyboard in Resources */,
				2281BDE323B11DC900F88A1A /* Assets.xcassets in Resources */,
				2281BDE123B11DC800F88A1A /* Main.storyboard in Resources */,
			);
			runOnlyForDeploymentPostprocessing = 0;
		};
		2281BDEA23B11DC900F88A1A /* Resources */ = {
			isa = PBXResourcesBuildPhase;
			buildActionMask = 2147483647;
			files = (
			);
			runOnlyForDeploymentPostprocessing = 0;
		};
		2281BDF523B11DC900F88A1A /* Resources */ = {
			isa = PBXResourcesBuildPhase;
			buildActionMask = 2147483647;
			files = (
			);
			runOnlyForDeploymentPostprocessing = 0;
		};
/* End PBXResourcesBuildPhase section */

/* Begin PBXShellScriptBuildPhase section */
		39CB5E9328F10273576CFBF3 /* [CP] Check Pods Manifest.lock */ = {
			isa = PBXShellScriptBuildPhase;
			buildActionMask = 2147483647;
			files = (
			);
			inputFileListPaths = (
			);
			inputPaths = (
				"${PODS_PODFILE_DIR_PATH}/Podfile.lock",
				"${PODS_ROOT}/Manifest.lock",
			);
			name = "[CP] Check Pods Manifest.lock";
			outputFileListPaths = (
			);
			outputPaths = (
				"$(DERIVED_FILE_DIR)/Pods-TareaAPINasa-TareaAPINasaUITests-checkManifestLockResult.txt",
			);
			runOnlyForDeploymentPostprocessing = 0;
			shellPath = /bin/sh;
			shellScript = "diff \"${PODS_PODFILE_DIR_PATH}/Podfile.lock\" \"${PODS_ROOT}/Manifest.lock\" > /dev/null\nif [ $? != 0 ] ; then\n    # print error to STDERR\n    echo \"error: The sandbox is not in sync with the Podfile.lock. Run 'pod install' or update your CocoaPods installation.\" >&2\n    exit 1\nfi\n# This output is used by Xcode 'outputs' to avoid re-running this script phase.\necho \"SUCCESS\" > \"${SCRIPT_OUTPUT_FILE_0}\"\n";
			showEnvVarsInLog = 0;
		};
		3E3F9B88F8214AE50A56B691 /* [CP] Embed Pods Frameworks */ = {
			isa = PBXShellScriptBuildPhase;
			buildActionMask = 2147483647;
			files = (
			);
			inputFileListPaths = (
				"${PODS_ROOT}/Target Support Files/Pods-TareaAPINasa/Pods-TareaAPINasa-frameworks-${CONFIGURATION}-input-files.xcfilelist",
			);
			name = "[CP] Embed Pods Frameworks";
			outputFileListPaths = (
				"${PODS_ROOT}/Target Support Files/Pods-TareaAPINasa/Pods-TareaAPINasa-frameworks-${CONFIGURATION}-output-files.xcfilelist",
			);
			runOnlyForDeploymentPostprocessing = 0;
			shellPath = /bin/sh;
			shellScript = "\"${PODS_ROOT}/Target Support Files/Pods-TareaAPINasa/Pods-TareaAPINasa-frameworks.sh\"\n";
			showEnvVarsInLog = 0;
		};
		6EE6121CDF47E795A8587140 /* [CP] Check Pods Manifest.lock */ = {
			isa = PBXShellScriptBuildPhase;
			buildActionMask = 2147483647;
			files = (
			);
			inputFileListPaths = (
			);
			inputPaths = (
				"${PODS_PODFILE_DIR_PATH}/Podfile.lock",
				"${PODS_ROOT}/Manifest.lock",
			);
			name = "[CP] Check Pods Manifest.lock";
			outputFileListPaths = (
			);
			outputPaths = (
				"$(DERIVED_FILE_DIR)/Pods-TareaAPINasa-checkManifestLockResult.txt",
			);
			runOnlyForDeploymentPostprocessing = 0;
			shellPath = /bin/sh;
			shellScript = "diff \"${PODS_PODFILE_DIR_PATH}/Podfile.lock\" \"${PODS_ROOT}/Manifest.lock\" > /dev/null\nif [ $? != 0 ] ; then\n    # print error to STDERR\n    echo \"error: The sandbox is not in sync with the Podfile.lock. Run 'pod install' or update your CocoaPods installation.\" >&2\n    exit 1\nfi\n# This output is used by Xcode 'outputs' to avoid re-running this script phase.\necho \"SUCCESS\" > \"${SCRIPT_OUTPUT_FILE_0}\"\n";
			showEnvVarsInLog = 0;
		};
		810ADC923CD8394058B9034C /* [CP] Check Pods Manifest.lock */ = {
			isa = PBXShellScriptBuildPhase;
			buildActionMask = 2147483647;
			files = (
			);
			inputFileListPaths = (
			);
			inputPaths = (
				"${PODS_PODFILE_DIR_PATH}/Podfile.lock",
				"${PODS_ROOT}/Manifest.lock",
			);
			name = "[CP] Check Pods Manifest.lock";
			outputFileListPaths = (
			);
			outputPaths = (
				"$(DERIVED_FILE_DIR)/Pods-TareaAPINasaTests-checkManifestLockResult.txt",
			);
			runOnlyForDeploymentPostprocessing = 0;
			shellPath = /bin/sh;
			shellScript = "diff \"${PODS_PODFILE_DIR_PATH}/Podfile.lock\" \"${PODS_ROOT}/Manifest.lock\" > /dev/null\nif [ $? != 0 ] ; then\n    # print error to STDERR\n    echo \"error: The sandbox is not in sync with the Podfile.lock. Run 'pod install' or update your CocoaPods installation.\" >&2\n    exit 1\nfi\n# This output is used by Xcode 'outputs' to avoid re-running this script phase.\necho \"SUCCESS\" > \"${SCRIPT_OUTPUT_FILE_0}\"\n";
			showEnvVarsInLog = 0;
		};
		9118AFAC7C3C4CE043989AF8 /* [CP] Embed Pods Frameworks */ = {
			isa = PBXShellScriptBuildPhase;
			buildActionMask = 2147483647;
			files = (
			);
			inputFileListPaths = (
				"${PODS_ROOT}/Target Support Files/Pods-TareaAPINasa-TareaAPINasaUITests/Pods-TareaAPINasa-TareaAPINasaUITests-frameworks-${CONFIGURATION}-input-files.xcfilelist",
			);
			name = "[CP] Embed Pods Frameworks";
			outputFileListPaths = (
				"${PODS_ROOT}/Target Support Files/Pods-TareaAPINasa-TareaAPINasaUITests/Pods-TareaAPINasa-TareaAPINasaUITests-frameworks-${CONFIGURATION}-output-files.xcfilelist",
			);
			runOnlyForDeploymentPostprocessing = 0;
			shellPath = /bin/sh;
			shellScript = "\"${PODS_ROOT}/Target Support Files/Pods-TareaAPINasa-TareaAPINasaUITests/Pods-TareaAPINasa-TareaAPINasaUITests-frameworks.sh\"\n";
			showEnvVarsInLog = 0;
		};
/* End PBXShellScriptBuildPhase section */

/* Begin PBXSourcesBuildPhase section */
		2281BDD223B11DC800F88A1A /* Sources */ = {
			isa = PBXSourcesBuildPhase;
			buildActionMask = 2147483647;
			files = (
				22EA7CF923CC620B003E7560 /* ApiNasaFavoritesView.swift in Sources */,
				22EA7CE823C77361003E7560 /* ApiNasaDetailView.swift in Sources */,
				221BB33123C111E800871C18 /* ApiNasaFilteredViewController.swift in Sources */,
				2281BE1F23B11F1D00F88A1A /* ApiNasaView.swift in Sources */,
				22EA7CF023C773DD003E7560 /* ApiNasaDetailWireframe.swift in Sources */,
				22EA7CF723CC61F2003E7560 /* ApiNasaFavoritesConfigurator.swift in Sources */,
				2281BE1D23B11F0C00F88A1A /* ApiNasaConfigurator.swift in Sources */,
				2281BE1B23B11EF400F88A1A /* ApiNasaViewController.swift in Sources */,
				2281BDDA23B11DC800F88A1A /* AppDelegate.swift in Sources */,
				22EA7CEC23C773B4003E7560 /* ApiNasaDetailViewController.swift in Sources */,
				2281BE2123B11F3700F88A1A /* ApiNasaPresenter.swift in Sources */,
				22EA7CFF23CC6275003E7560 /* ApiNasaFavoritesWireframe.swift in Sources */,
				22D81E6D23CF618300319DA9 /* CustomTableViewController.swift in Sources */,
				221BB32D23C10E0D00871C18 /* ApiNasaFilteredConfigurator.swift in Sources */,
				2281BE2323B11F4500F88A1A /* ApiNasaWireframe.swift in Sources */,
				22EA7CD523C72DB3003E7560 /* ApiNasaInteractor.swift in Sources */,
				22EA7CF323CB4400003E7560 /* NasaCell.swift in Sources */,
				2281BE2623B1220800F88A1A /* Configurator.swift in Sources */,
				22EA7CC723C72406003E7560 /* Link.swift in Sources */,
				2281BE2C23B1227500F88A1A /* Presenter.swift in Sources */,
				2281BE2823B1222A00F88A1A /* ViewProtocol.swift in Sources */,
				221BB33323C1120000871C18 /* ApiNasaFilteredPresenter.swift in Sources */,
				22EA7CD223C7298E003E7560 /* ApiNasaDataRepository.swift in Sources */,
				22EA7CCD23C724A1003E7560 /* CollectionInfo.swift in Sources */,
				221BB32F23C111C500871C18 /* ApiNasaFilteredView.swift in Sources */,
				2233482123CDA9AA0075565C /* ItemDefault.swift in Sources */,
				22EA7CD023C728C1003E7560 /* ApiNasaRepository.swift in Sources */,
				22EA7CD723C72ED1003E7560 /* ApiNasaInteractorImpl.swift in Sources */,
				22EA7CE623C772E7003E7560 /* ApiNasaDetailConfigurator.swift in Sources */,
				2281BDDC23B11DC800F88A1A /* SceneDelegate.swift in Sources */,
				22EA7CC523C723DE003E7560 /* DataNasa.swift in Sources */,
				22EA7CFB23CC623A003E7560 /* ApiNasaFavoritesViewController.swift in Sources */,
				22EA7CEE23C773CA003E7560 /* ApiNasaDetailPresenter.swift in Sources */,
				22EA7CFD23CC625E003E7560 /* ApiNasaFavoritesPresenter.swift in Sources */,
				221BB33523C1121900871C18 /* ApiNasaFilteredWireframe.swift in Sources */,
				22EA7CCB23C72480003E7560 /* ItemsInfo.swift in Sources */,
				22EA7CC923C72423003E7560 /* ItemDetails.swift in Sources */,
				22D81E6B23CF5E4200319DA9 /* RefreshTableProtocol.swift in Sources */,
			);
			runOnlyForDeploymentPostprocessing = 0;
		};
		2281BDE823B11DC900F88A1A /* Sources */ = {
			isa = PBXSourcesBuildPhase;
			buildActionMask = 2147483647;
			files = (
				2281BDF123B11DC900F88A1A /* TareaAPINasaTests.swift in Sources */,
			);
			runOnlyForDeploymentPostprocessing = 0;
		};
		2281BDF323B11DC900F88A1A /* Sources */ = {
			isa = PBXSourcesBuildPhase;
			buildActionMask = 2147483647;
			files = (
				2281BDFC23B11DC900F88A1A /* TareaAPINasaUITests.swift in Sources */,
			);
			runOnlyForDeploymentPostprocessing = 0;
		};
/* End PBXSourcesBuildPhase section */

/* Begin PBXTargetDependency section */
		2281BDEE23B11DC900F88A1A /* PBXTargetDependency */ = {
			isa = PBXTargetDependency;
			target = 2281BDD523B11DC800F88A1A /* TareaAPINasa */;
			targetProxy = 2281BDED23B11DC900F88A1A /* PBXContainerItemProxy */;
		};
		2281BDF923B11DC900F88A1A /* PBXTargetDependency */ = {
			isa = PBXTargetDependency;
			target = 2281BDD523B11DC800F88A1A /* TareaAPINasa */;
			targetProxy = 2281BDF823B11DC900F88A1A /* PBXContainerItemProxy */;
		};
/* End PBXTargetDependency section */

/* Begin PBXVariantGroup section */
		2281BDDF23B11DC800F88A1A /* Main.storyboard */ = {
			isa = PBXVariantGroup;
			children = (
				2281BDE023B11DC800F88A1A /* Base */,
			);
			name = Main.storyboard;
			sourceTree = "<group>";
		};
		2281BDE423B11DC900F88A1A /* LaunchScreen.storyboard */ = {
			isa = PBXVariantGroup;
			children = (
				2281BDE523B11DC900F88A1A /* Base */,
			);
			name = LaunchScreen.storyboard;
			sourceTree = "<group>";
		};
/* End PBXVariantGroup section */

/* Begin XCBuildConfiguration section */
		2281BDFE23B11DC900F88A1A /* Debug */ = {
			isa = XCBuildConfiguration;
			buildSettings = {
				ALWAYS_SEARCH_USER_PATHS = NO;
				CLANG_ANALYZER_NONNULL = YES;
				CLANG_ANALYZER_NUMBER_OBJECT_CONVERSION = YES_AGGRESSIVE;
				CLANG_CXX_LANGUAGE_STANDARD = "gnu++14";
				CLANG_CXX_LIBRARY = "libc++";
				CLANG_ENABLE_MODULES = YES;
				CLANG_ENABLE_OBJC_ARC = YES;
				CLANG_ENABLE_OBJC_WEAK = YES;
				CLANG_WARN_BLOCK_CAPTURE_AUTORELEASING = YES;
				CLANG_WARN_BOOL_CONVERSION = YES;
				CLANG_WARN_COMMA = YES;
				CLANG_WARN_CONSTANT_CONVERSION = YES;
				CLANG_WARN_DEPRECATED_OBJC_IMPLEMENTATIONS = YES;
				CLANG_WARN_DIRECT_OBJC_ISA_USAGE = YES_ERROR;
				CLANG_WARN_DOCUMENTATION_COMMENTS = YES;
				CLANG_WARN_EMPTY_BODY = YES;
				CLANG_WARN_ENUM_CONVERSION = YES;
				CLANG_WARN_INFINITE_RECURSION = YES;
				CLANG_WARN_INT_CONVERSION = YES;
				CLANG_WARN_NON_LITERAL_NULL_CONVERSION = YES;
				CLANG_WARN_OBJC_IMPLICIT_RETAIN_SELF = YES;
				CLANG_WARN_OBJC_LITERAL_CONVERSION = YES;
				CLANG_WARN_OBJC_ROOT_CLASS = YES_ERROR;
				CLANG_WARN_RANGE_LOOP_ANALYSIS = YES;
				CLANG_WARN_STRICT_PROTOTYPES = YES;
				CLANG_WARN_SUSPICIOUS_MOVE = YES;
				CLANG_WARN_UNGUARDED_AVAILABILITY = YES_AGGRESSIVE;
				CLANG_WARN_UNREACHABLE_CODE = YES;
				CLANG_WARN__DUPLICATE_METHOD_MATCH = YES;
				COPY_PHASE_STRIP = NO;
				DEBUG_INFORMATION_FORMAT = dwarf;
				ENABLE_STRICT_OBJC_MSGSEND = YES;
				ENABLE_TESTABILITY = YES;
				GCC_C_LANGUAGE_STANDARD = gnu11;
				GCC_DYNAMIC_NO_PIC = NO;
				GCC_NO_COMMON_BLOCKS = YES;
				GCC_OPTIMIZATION_LEVEL = 0;
				GCC_PREPROCESSOR_DEFINITIONS = (
					"DEBUG=1",
					"$(inherited)",
				);
				GCC_WARN_64_TO_32_BIT_CONVERSION = YES;
				GCC_WARN_ABOUT_RETURN_TYPE = YES_ERROR;
				GCC_WARN_UNDECLARED_SELECTOR = YES;
				GCC_WARN_UNINITIALIZED_AUTOS = YES_AGGRESSIVE;
				GCC_WARN_UNUSED_FUNCTION = YES;
				GCC_WARN_UNUSED_VARIABLE = YES;
				IPHONEOS_DEPLOYMENT_TARGET = 13.2;
				MTL_ENABLE_DEBUG_INFO = INCLUDE_SOURCE;
				MTL_FAST_MATH = YES;
				ONLY_ACTIVE_ARCH = YES;
				SDKROOT = iphoneos;
				SWIFT_ACTIVE_COMPILATION_CONDITIONS = DEBUG;
				SWIFT_OPTIMIZATION_LEVEL = "-Onone";
			};
			name = Debug;
		};
		2281BDFF23B11DC900F88A1A /* Release */ = {
			isa = XCBuildConfiguration;
			buildSettings = {
				ALWAYS_SEARCH_USER_PATHS = NO;
				CLANG_ANALYZER_NONNULL = YES;
				CLANG_ANALYZER_NUMBER_OBJECT_CONVERSION = YES_AGGRESSIVE;
				CLANG_CXX_LANGUAGE_STANDARD = "gnu++14";
				CLANG_CXX_LIBRARY = "libc++";
				CLANG_ENABLE_MODULES = YES;
				CLANG_ENABLE_OBJC_ARC = YES;
				CLANG_ENABLE_OBJC_WEAK = YES;
				CLANG_WARN_BLOCK_CAPTURE_AUTORELEASING = YES;
				CLANG_WARN_BOOL_CONVERSION = YES;
				CLANG_WARN_COMMA = YES;
				CLANG_WARN_CONSTANT_CONVERSION = YES;
				CLANG_WARN_DEPRECATED_OBJC_IMPLEMENTATIONS = YES;
				CLANG_WARN_DIRECT_OBJC_ISA_USAGE = YES_ERROR;
				CLANG_WARN_DOCUMENTATION_COMMENTS = YES;
				CLANG_WARN_EMPTY_BODY = YES;
				CLANG_WARN_ENUM_CONVERSION = YES;
				CLANG_WARN_INFINITE_RECURSION = YES;
				CLANG_WARN_INT_CONVERSION = YES;
				CLANG_WARN_NON_LITERAL_NULL_CONVERSION = YES;
				CLANG_WARN_OBJC_IMPLICIT_RETAIN_SELF = YES;
				CLANG_WARN_OBJC_LITERAL_CONVERSION = YES;
				CLANG_WARN_OBJC_ROOT_CLASS = YES_ERROR;
				CLANG_WARN_RANGE_LOOP_ANALYSIS = YES;
				CLANG_WARN_STRICT_PROTOTYPES = YES;
				CLANG_WARN_SUSPICIOUS_MOVE = YES;
				CLANG_WARN_UNGUARDED_AVAILABILITY = YES_AGGRESSIVE;
				CLANG_WARN_UNREACHABLE_CODE = YES;
				CLANG_WARN__DUPLICATE_METHOD_MATCH = YES;
				COPY_PHASE_STRIP = NO;
				DEBUG_INFORMATION_FORMAT = "dwarf-with-dsym";
				ENABLE_NS_ASSERTIONS = NO;
				ENABLE_STRICT_OBJC_MSGSEND = YES;
				GCC_C_LANGUAGE_STANDARD = gnu11;
				GCC_NO_COMMON_BLOCKS = YES;
				GCC_WARN_64_TO_32_BIT_CONVERSION = YES;
				GCC_WARN_ABOUT_RETURN_TYPE = YES_ERROR;
				GCC_WARN_UNDECLARED_SELECTOR = YES;
				GCC_WARN_UNINITIALIZED_AUTOS = YES_AGGRESSIVE;
				GCC_WARN_UNUSED_FUNCTION = YES;
				GCC_WARN_UNUSED_VARIABLE = YES;
				IPHONEOS_DEPLOYMENT_TARGET = 13.2;
				MTL_ENABLE_DEBUG_INFO = NO;
				MTL_FAST_MATH = YES;
				SDKROOT = iphoneos;
				SWIFT_COMPILATION_MODE = wholemodule;
				SWIFT_OPTIMIZATION_LEVEL = "-O";
				VALIDATE_PRODUCT = YES;
			};
			name = Release;
		};
		2281BE0123B11DC900F88A1A /* Debug */ = {
			isa = XCBuildConfiguration;
			baseConfigurationReference = 9F1607FF180F6AEBE3AA406B /* Pods-TareaAPINasa.debug.xcconfig */;
			buildSettings = {
				ASSETCATALOG_COMPILER_APPICON_NAME = AppIcon;
				CODE_SIGN_STYLE = Automatic;
				DEVELOPMENT_TEAM = 5NZ4C7K8MU;
				INFOPLIST_FILE = TareaAPINasa/Info.plist;
				LD_RUNPATH_SEARCH_PATHS = (
					"$(inherited)",
					"@executable_path/Frameworks",
				);
				PRODUCT_BUNDLE_IDENTIFIER = com.tareaAPI.TareaAPINasa;
				PRODUCT_NAME = "$(TARGET_NAME)";
				SWIFT_VERSION = 5.0;
				TARGETED_DEVICE_FAMILY = "1,2";
			};
			name = Debug;
		};
		2281BE0223B11DC900F88A1A /* Release */ = {
			isa = XCBuildConfiguration;
			baseConfigurationReference = 1F6FBAF56CE63BF970DAFEF7 /* Pods-TareaAPINasa.release.xcconfig */;
			buildSettings = {
				ASSETCATALOG_COMPILER_APPICON_NAME = AppIcon;
				CODE_SIGN_STYLE = Automatic;
				DEVELOPMENT_TEAM = 5NZ4C7K8MU;
				INFOPLIST_FILE = TareaAPINasa/Info.plist;
				LD_RUNPATH_SEARCH_PATHS = (
					"$(inherited)",
					"@executable_path/Frameworks",
				);
				PRODUCT_BUNDLE_IDENTIFIER = com.tareaAPI.TareaAPINasa;
				PRODUCT_NAME = "$(TARGET_NAME)";
				SWIFT_VERSION = 5.0;
				TARGETED_DEVICE_FAMILY = "1,2";
			};
			name = Release;
		};
		2281BE0423B11DC900F88A1A /* Debug */ = {
			isa = XCBuildConfiguration;
			baseConfigurationReference = 999AED219D553CDB915F8137 /* Pods-TareaAPINasaTests.debug.xcconfig */;
			buildSettings = {
				ALWAYS_EMBED_SWIFT_STANDARD_LIBRARIES = YES;
				BUNDLE_LOADER = "$(TEST_HOST)";
				CODE_SIGN_STYLE = Automatic;
				DEVELOPMENT_TEAM = 5NZ4C7K8MU;
				INFOPLIST_FILE = TareaAPINasaTests/Info.plist;
				IPHONEOS_DEPLOYMENT_TARGET = 13.2;
				LD_RUNPATH_SEARCH_PATHS = (
					"$(inherited)",
					"@executable_path/Frameworks",
					"@loader_path/Frameworks",
				);
				PRODUCT_BUNDLE_IDENTIFIER = com.tareaAPI.TareaAPINasaTests;
				PRODUCT_NAME = "$(TARGET_NAME)";
				SWIFT_VERSION = 5.0;
				TARGETED_DEVICE_FAMILY = "1,2";
				TEST_HOST = "$(BUILT_PRODUCTS_DIR)/TareaAPINasa.app/TareaAPINasa";
			};
			name = Debug;
		};
		2281BE0523B11DC900F88A1A /* Release */ = {
			isa = XCBuildConfiguration;
			baseConfigurationReference = 0B662BA6B3537077F4367FE3 /* Pods-TareaAPINasaTests.release.xcconfig */;
			buildSettings = {
				ALWAYS_EMBED_SWIFT_STANDARD_LIBRARIES = YES;
				BUNDLE_LOADER = "$(TEST_HOST)";
				CODE_SIGN_STYLE = Automatic;
				DEVELOPMENT_TEAM = 5NZ4C7K8MU;
				INFOPLIST_FILE = TareaAPINasaTests/Info.plist;
				IPHONEOS_DEPLOYMENT_TARGET = 13.2;
				LD_RUNPATH_SEARCH_PATHS = (
					"$(inherited)",
					"@executable_path/Frameworks",
					"@loader_path/Frameworks",
				);
				PRODUCT_BUNDLE_IDENTIFIER = com.tareaAPI.TareaAPINasaTests;
				PRODUCT_NAME = "$(TARGET_NAME)";
				SWIFT_VERSION = 5.0;
				TARGETED_DEVICE_FAMILY = "1,2";
				TEST_HOST = "$(BUILT_PRODUCTS_DIR)/TareaAPINasa.app/TareaAPINasa";
			};
			name = Release;
		};
		2281BE0723B11DC900F88A1A /* Debug */ = {
			isa = XCBuildConfiguration;
			baseConfigurationReference = 8B5EE8E566850615C2EC6F6A /* Pods-TareaAPINasa-TareaAPINasaUITests.debug.xcconfig */;
			buildSettings = {
				ALWAYS_EMBED_SWIFT_STANDARD_LIBRARIES = YES;
				CODE_SIGN_STYLE = Automatic;
				DEVELOPMENT_TEAM = 5NZ4C7K8MU;
				INFOPLIST_FILE = TareaAPINasaUITests/Info.plist;
				LD_RUNPATH_SEARCH_PATHS = (
					"$(inherited)",
					"@executable_path/Frameworks",
					"@loader_path/Frameworks",
				);
				PRODUCT_BUNDLE_IDENTIFIER = com.tareaAPI.TareaAPINasaUITests;
				PRODUCT_NAME = "$(TARGET_NAME)";
				SWIFT_VERSION = 5.0;
				TARGETED_DEVICE_FAMILY = "1,2";
				TEST_TARGET_NAME = TareaAPINasa;
			};
			name = Debug;
		};
		2281BE0823B11DC900F88A1A /* Release */ = {
			isa = XCBuildConfiguration;
			baseConfigurationReference = 8723BCF234179DC4818B6DC0 /* Pods-TareaAPINasa-TareaAPINasaUITests.release.xcconfig */;
			buildSettings = {
				ALWAYS_EMBED_SWIFT_STANDARD_LIBRARIES = YES;
				CODE_SIGN_STYLE = Automatic;
				DEVELOPMENT_TEAM = 5NZ4C7K8MU;
				INFOPLIST_FILE = TareaAPINasaUITests/Info.plist;
				LD_RUNPATH_SEARCH_PATHS = (
					"$(inherited)",
					"@executable_path/Frameworks",
					"@loader_path/Frameworks",
				);
				PRODUCT_BUNDLE_IDENTIFIER = com.tareaAPI.TareaAPINasaUITests;
				PRODUCT_NAME = "$(TARGET_NAME)";
				SWIFT_VERSION = 5.0;
				TARGETED_DEVICE_FAMILY = "1,2";
				TEST_TARGET_NAME = TareaAPINasa;
			};
			name = Release;
		};
/* End XCBuildConfiguration section */

/* Begin XCConfigurationList section */
		2281BDD123B11DC800F88A1A /* Build configuration list for PBXProject "TareaAPINasa" */ = {
			isa = XCConfigurationList;
			buildConfigurations = (
				2281BDFE23B11DC900F88A1A /* Debug */,
				2281BDFF23B11DC900F88A1A /* Release */,
			);
			defaultConfigurationIsVisible = 0;
			defaultConfigurationName = Release;
		};
		2281BE0023B11DC900F88A1A /* Build configuration list for PBXNativeTarget "TareaAPINasa" */ = {
			isa = XCConfigurationList;
			buildConfigurations = (
				2281BE0123B11DC900F88A1A /* Debug */,
				2281BE0223B11DC900F88A1A /* Release */,
			);
			defaultConfigurationIsVisible = 0;
			defaultConfigurationName = Release;
		};
		2281BE0323B11DC900F88A1A /* Build configuration list for PBXNativeTarget "TareaAPINasaTests" */ = {
			isa = XCConfigurationList;
			buildConfigurations = (
				2281BE0423B11DC900F88A1A /* Debug */,
				2281BE0523B11DC900F88A1A /* Release */,
			);
			defaultConfigurationIsVisible = 0;
			defaultConfigurationName = Release;
		};
		2281BE0623B11DC900F88A1A /* Build configuration list for PBXNativeTarget "TareaAPINasaUITests" */ = {
			isa = XCConfigurationList;
			buildConfigurations = (
				2281BE0723B11DC900F88A1A /* Debug */,
				2281BE0823B11DC900F88A1A /* Release */,
			);
			defaultConfigurationIsVisible = 0;
			defaultConfigurationName = Release;
		};
/* End XCConfigurationList section */
	};
	rootObject = 2281BDCE23B11DC800F88A1A /* Project object */;
}
