// !$*UTF8*$!
{
	archiveVersion = 1;
	classes = {
	};
	objectVersion = 50;
	objects = {

/* Begin PBXBuildFile section */
		101E645DB17C59BB9A20F430 /* Pods_TareaAPITests.framework in Frameworks */ = {isa = PBXBuildFile; fileRef = 789D96A4020C42037AAFCA52 /* Pods_TareaAPITests.framework */; };
		2281BD3C23ACE0A100F88A1A /* AppDelegate.swift in Sources */ = {isa = PBXBuildFile; fileRef = 2281BD3B23ACE0A100F88A1A /* AppDelegate.swift */; };
		2281BD3E23ACE0A100F88A1A /* SceneDelegate.swift in Sources */ = {isa = PBXBuildFile; fileRef = 2281BD3D23ACE0A100F88A1A /* SceneDelegate.swift */; };
		2281BD4023ACE0A100F88A1A /* ContentView.swift in Sources */ = {isa = PBXBuildFile; fileRef = 2281BD3F23ACE0A100F88A1A /* ContentView.swift */; };
		2281BD4223ACE0A400F88A1A /* Assets.xcassets in Resources */ = {isa = PBXBuildFile; fileRef = 2281BD4123ACE0A400F88A1A /* Assets.xcassets */; };
		2281BD4523ACE0A400F88A1A /* Preview Assets.xcassets in Resources */ = {isa = PBXBuildFile; fileRef = 2281BD4423ACE0A400F88A1A /* Preview Assets.xcassets */; };
		2281BD4823ACE0A400F88A1A /* LaunchScreen.storyboard in Resources */ = {isa = PBXBuildFile; fileRef = 2281BD4623ACE0A400F88A1A /* LaunchScreen.storyboard */; };
		2281BD5323ACE0A400F88A1A /* TareaAPITests.swift in Sources */ = {isa = PBXBuildFile; fileRef = 2281BD5223ACE0A400F88A1A /* TareaAPITests.swift */; };
		2281BD5E23ACE0A400F88A1A /* TareaAPIUITests.swift in Sources */ = {isa = PBXBuildFile; fileRef = 2281BD5D23ACE0A400F88A1A /* TareaAPIUITests.swift */; };
		2281BD6D23ACE3BC00F88A1A /* ApiNasaView.swift in Sources */ = {isa = PBXBuildFile; fileRef = 2281BD6C23ACE3BC00F88A1A /* ApiNasaView.swift */; };
		2281BD7123ACE7E100F88A1A /* ApiNasaViewController.swift in Sources */ = {isa = PBXBuildFile; fileRef = 2281BD7023ACE7E100F88A1A /* ApiNasaViewController.swift */; };
		2281BD7323ACE81C00F88A1A /* ApiNasaConfigurator.swift in Sources */ = {isa = PBXBuildFile; fileRef = 2281BD7223ACE81C00F88A1A /* ApiNasaConfigurator.swift */; };
		2281BD7523ACE83F00F88A1A /* ApiNasaPresenter.swift in Sources */ = {isa = PBXBuildFile; fileRef = 2281BD7423ACE83F00F88A1A /* ApiNasaPresenter.swift */; };
		2281BD7723ACE85F00F88A1A /* ApiNasaWireframe.swift in Sources */ = {isa = PBXBuildFile; fileRef = 2281BD7623ACE85F00F88A1A /* ApiNasaWireframe.swift */; };
		2281BD7923ACEE3000F88A1A /* Main.storyboard in Resources */ = {isa = PBXBuildFile; fileRef = 2281BD7823ACEE3000F88A1A /* Main.storyboard */; };
		2281BD7B23ACFDEA00F88A1A /* NasaData.swift in Sources */ = {isa = PBXBuildFile; fileRef = 2281BD7A23ACFDEA00F88A1A /* NasaData.swift */; };
		71472F751A874BA519847F46 /* Pods_TareaAPI_TareaAPIUITests.framework in Frameworks */ = {isa = PBXBuildFile; fileRef = 53F439D78C09449DD775CA19 /* Pods_TareaAPI_TareaAPIUITests.framework */; };
		C1DC32E22B69009E9706A764 /* Pods_TareaAPI.framework in Frameworks */ = {isa = PBXBuildFile; fileRef = 4884C45A94345D3AF9265E72 /* Pods_TareaAPI.framework */; };
/* End PBXBuildFile section */

/* Begin PBXContainerItemProxy section */
		2281BD4F23ACE0A400F88A1A /* PBXContainerItemProxy */ = {
			isa = PBXContainerItemProxy;
			containerPortal = 2281BD3023ACE0A100F88A1A /* Project object */;
			proxyType = 1;
			remoteGlobalIDString = 2281BD3723ACE0A100F88A1A;
			remoteInfo = TareaAPI;
		};
		2281BD5A23ACE0A400F88A1A /* PBXContainerItemProxy */ = {
			isa = PBXContainerItemProxy;
			containerPortal = 2281BD3023ACE0A100F88A1A /* Project object */;
			proxyType = 1;
			remoteGlobalIDString = 2281BD3723ACE0A100F88A1A;
			remoteInfo = TareaAPI;
		};
/* End PBXContainerItemProxy section */

/* Begin PBXFileReference section */
		0593E54D9906CE722C052EF1 /* Pods-TareaAPI.release.xcconfig */ = {isa = PBXFileReference; includeInIndex = 1; lastKnownFileType = text.xcconfig; name = "Pods-TareaAPI.release.xcconfig"; path = "Target Support Files/Pods-TareaAPI/Pods-TareaAPI.release.xcconfig"; sourceTree = "<group>"; };
		0AC5EBFCEC49745B750FE7ED /* Pods-TareaAPI-TareaAPIUITests.release.xcconfig */ = {isa = PBXFileReference; includeInIndex = 1; lastKnownFileType = text.xcconfig; name = "Pods-TareaAPI-TareaAPIUITests.release.xcconfig"; path = "Target Support Files/Pods-TareaAPI-TareaAPIUITests/Pods-TareaAPI-TareaAPIUITests.release.xcconfig"; sourceTree = "<group>"; };
		2281BD3823ACE0A100F88A1A /* TareaAPI.app */ = {isa = PBXFileReference; explicitFileType = wrapper.application; includeInIndex = 0; path = TareaAPI.app; sourceTree = BUILT_PRODUCTS_DIR; };
		2281BD3B23ACE0A100F88A1A /* AppDelegate.swift */ = {isa = PBXFileReference; lastKnownFileType = sourcecode.swift; path = AppDelegate.swift; sourceTree = "<group>"; };
		2281BD3D23ACE0A100F88A1A /* SceneDelegate.swift */ = {isa = PBXFileReference; lastKnownFileType = sourcecode.swift; path = SceneDelegate.swift; sourceTree = "<group>"; };
		2281BD3F23ACE0A100F88A1A /* ContentView.swift */ = {isa = PBXFileReference; lastKnownFileType = sourcecode.swift; path = ContentView.swift; sourceTree = "<group>"; };
		2281BD4123ACE0A400F88A1A /* Assets.xcassets */ = {isa = PBXFileReference; lastKnownFileType = folder.assetcatalog; path = Assets.xcassets; sourceTree = "<group>"; };
		2281BD4423ACE0A400F88A1A /* Preview Assets.xcassets */ = {isa = PBXFileReference; lastKnownFileType = folder.assetcatalog; path = "Preview Assets.xcassets"; sourceTree = "<group>"; };
		2281BD4723ACE0A400F88A1A /* Base */ = {isa = PBXFileReference; lastKnownFileType = file.storyboard; name = Base; path = Base.lproj/LaunchScreen.storyboard; sourceTree = "<group>"; };
		2281BD4923ACE0A400F88A1A /* Info.plist */ = {isa = PBXFileReference; lastKnownFileType = text.plist.xml; path = Info.plist; sourceTree = "<group>"; };
		2281BD4E23ACE0A400F88A1A /* TareaAPITests.xctest */ = {isa = PBXFileReference; explicitFileType = wrapper.cfbundle; includeInIndex = 0; path = TareaAPITests.xctest; sourceTree = BUILT_PRODUCTS_DIR; };
		2281BD5223ACE0A400F88A1A /* TareaAPITests.swift */ = {isa = PBXFileReference; lastKnownFileType = sourcecode.swift; path = TareaAPITests.swift; sourceTree = "<group>"; };
		2281BD5423ACE0A400F88A1A /* Info.plist */ = {isa = PBXFileReference; lastKnownFileType = text.plist.xml; path = Info.plist; sourceTree = "<group>"; };
		2281BD5923ACE0A400F88A1A /* TareaAPIUITests.xctest */ = {isa = PBXFileReference; explicitFileType = wrapper.cfbundle; includeInIndex = 0; path = TareaAPIUITests.xctest; sourceTree = BUILT_PRODUCTS_DIR; };
		2281BD5D23ACE0A400F88A1A /* TareaAPIUITests.swift */ = {isa = PBXFileReference; lastKnownFileType = sourcecode.swift; path = TareaAPIUITests.swift; sourceTree = "<group>"; };
		2281BD5F23ACE0A400F88A1A /* Info.plist */ = {isa = PBXFileReference; lastKnownFileType = text.plist.xml; path = Info.plist; sourceTree = "<group>"; };
		2281BD6C23ACE3BC00F88A1A /* ApiNasaView.swift */ = {isa = PBXFileReference; lastKnownFileType = sourcecode.swift; path = ApiNasaView.swift; sourceTree = "<group>"; };
		2281BD7023ACE7E100F88A1A /* ApiNasaViewController.swift */ = {isa = PBXFileReference; lastKnownFileType = sourcecode.swift; path = ApiNasaViewController.swift; sourceTree = "<group>"; };
		2281BD7223ACE81C00F88A1A /* ApiNasaConfigurator.swift */ = {isa = PBXFileReference; lastKnownFileType = sourcecode.swift; path = ApiNasaConfigurator.swift; sourceTree = "<group>"; };
		2281BD7423ACE83F00F88A1A /* ApiNasaPresenter.swift */ = {isa = PBXFileReference; lastKnownFileType = sourcecode.swift; path = ApiNasaPresenter.swift; sourceTree = "<group>"; };
		2281BD7623ACE85F00F88A1A /* ApiNasaWireframe.swift */ = {isa = PBXFileReference; lastKnownFileType = sourcecode.swift; path = ApiNasaWireframe.swift; sourceTree = "<group>"; };
		2281BD7823ACEE3000F88A1A /* Main.storyboard */ = {isa = PBXFileReference; lastKnownFileType = file.storyboard; path = Main.storyboard; sourceTree = "<group>"; };
		2281BD7A23ACFDEA00F88A1A /* NasaData.swift */ = {isa = PBXFileReference; lastKnownFileType = sourcecode.swift; path = NasaData.swift; sourceTree = "<group>"; };
		3FBBE77563C6472A5A7A9BFD /* Pods-TareaAPI-TareaAPIUITests.debug.xcconfig */ = {isa = PBXFileReference; includeInIndex = 1; lastKnownFileType = text.xcconfig; name = "Pods-TareaAPI-TareaAPIUITests.debug.xcconfig"; path = "Target Support Files/Pods-TareaAPI-TareaAPIUITests/Pods-TareaAPI-TareaAPIUITests.debug.xcconfig"; sourceTree = "<group>"; };
		4884C45A94345D3AF9265E72 /* Pods_TareaAPI.framework */ = {isa = PBXFileReference; explicitFileType = wrapper.framework; includeInIndex = 0; path = Pods_TareaAPI.framework; sourceTree = BUILT_PRODUCTS_DIR; };
		53F439D78C09449DD775CA19 /* Pods_TareaAPI_TareaAPIUITests.framework */ = {isa = PBXFileReference; explicitFileType = wrapper.framework; includeInIndex = 0; path = Pods_TareaAPI_TareaAPIUITests.framework; sourceTree = BUILT_PRODUCTS_DIR; };
		789D96A4020C42037AAFCA52 /* Pods_TareaAPITests.framework */ = {isa = PBXFileReference; explicitFileType = wrapper.framework; includeInIndex = 0; path = Pods_TareaAPITests.framework; sourceTree = BUILT_PRODUCTS_DIR; };
		93AEEB5A411DE4923DC9BC6F /* Pods-TareaAPITests.release.xcconfig */ = {isa = PBXFileReference; includeInIndex = 1; lastKnownFileType = text.xcconfig; name = "Pods-TareaAPITests.release.xcconfig"; path = "Target Support Files/Pods-TareaAPITests/Pods-TareaAPITests.release.xcconfig"; sourceTree = "<group>"; };
		B892E5AB4054B68E11246C74 /* Pods-TareaAPI.debug.xcconfig */ = {isa = PBXFileReference; includeInIndex = 1; lastKnownFileType = text.xcconfig; name = "Pods-TareaAPI.debug.xcconfig"; path = "Target Support Files/Pods-TareaAPI/Pods-TareaAPI.debug.xcconfig"; sourceTree = "<group>"; };
		D675DB9259DBD1DA8A9653E3 /* Pods-TareaAPITests.debug.xcconfig */ = {isa = PBXFileReference; includeInIndex = 1; lastKnownFileType = text.xcconfig; name = "Pods-TareaAPITests.debug.xcconfig"; path = "Target Support Files/Pods-TareaAPITests/Pods-TareaAPITests.debug.xcconfig"; sourceTree = "<group>"; };
/* End PBXFileReference section */

/* Begin PBXFrameworksBuildPhase section */
		2281BD3523ACE0A100F88A1A /* Frameworks */ = {
			isa = PBXFrameworksBuildPhase;
			buildActionMask = 2147483647;
			files = (
				C1DC32E22B69009E9706A764 /* Pods_TareaAPI.framework in Frameworks */,
			);
			runOnlyForDeploymentPostprocessing = 0;
		};
		2281BD4B23ACE0A400F88A1A /* Frameworks */ = {
			isa = PBXFrameworksBuildPhase;
			buildActionMask = 2147483647;
			files = (
				101E645DB17C59BB9A20F430 /* Pods_TareaAPITests.framework in Frameworks */,
			);
			runOnlyForDeploymentPostprocessing = 0;
		};
		2281BD5623ACE0A400F88A1A /* Frameworks */ = {
			isa = PBXFrameworksBuildPhase;
			buildActionMask = 2147483647;
			files = (
				71472F751A874BA519847F46 /* Pods_TareaAPI_TareaAPIUITests.framework in Frameworks */,
			);
			runOnlyForDeploymentPostprocessing = 0;
		};
/* End PBXFrameworksBuildPhase section */

/* Begin PBXGroup section */
		2281BD2F23ACE0A100F88A1A = {
			isa = PBXGroup;
			children = (
				2281BD3A23ACE0A100F88A1A /* TareaAPI */,
				2281BD5123ACE0A400F88A1A /* TareaAPITests */,
				2281BD5C23ACE0A400F88A1A /* TareaAPIUITests */,
				2281BD3923ACE0A100F88A1A /* Products */,
				899D1DF581DBB962AAAA3485 /* Pods */,
				69CE89EF8E99FCBA1B06A207 /* Frameworks */,
			);
			sourceTree = "<group>";
		};
		2281BD3923ACE0A100F88A1A /* Products */ = {
			isa = PBXGroup;
			children = (
				2281BD3823ACE0A100F88A1A /* TareaAPI.app */,
				2281BD4E23ACE0A400F88A1A /* TareaAPITests.xctest */,
				2281BD5923ACE0A400F88A1A /* TareaAPIUITests.xctest */,
			);
			name = Products;
			sourceTree = "<group>";
		};
		2281BD3A23ACE0A100F88A1A /* TareaAPI */ = {
			isa = PBXGroup;
			children = (
				2281BD6B23ACE31900F88A1A /* ApiNasa */,
				2281BD3B23ACE0A100F88A1A /* AppDelegate.swift */,
				2281BD3D23ACE0A100F88A1A /* SceneDelegate.swift */,
				2281BD3F23ACE0A100F88A1A /* ContentView.swift */,
				2281BD4123ACE0A400F88A1A /* Assets.xcassets */,
				2281BD4623ACE0A400F88A1A /* LaunchScreen.storyboard */,
				2281BD7823ACEE3000F88A1A /* Main.storyboard */,
				2281BD4923ACE0A400F88A1A /* Info.plist */,
				2281BD4323ACE0A400F88A1A /* Preview Content */,
				2281BD7A23ACFDEA00F88A1A /* NasaData.swift */,
			);
			path = TareaAPI;
			sourceTree = "<group>";
		};
		2281BD4323ACE0A400F88A1A /* Preview Content */ = {
			isa = PBXGroup;
			children = (
				2281BD4423ACE0A400F88A1A /* Preview Assets.xcassets */,
			);
			path = "Preview Content";
			sourceTree = "<group>";
		};
		2281BD5123ACE0A400F88A1A /* TareaAPITests */ = {
			isa = PBXGroup;
			children = (
				2281BD5223ACE0A400F88A1A /* TareaAPITests.swift */,
				2281BD5423ACE0A400F88A1A /* Info.plist */,
			);
			path = TareaAPITests;
			sourceTree = "<group>";
		};
		2281BD5C23ACE0A400F88A1A /* TareaAPIUITests */ = {
			isa = PBXGroup;
			children = (
				2281BD5D23ACE0A400F88A1A /* TareaAPIUITests.swift */,
				2281BD5F23ACE0A400F88A1A /* Info.plist */,
			);
			path = TareaAPIUITests;
			sourceTree = "<group>";
		};
		2281BD6B23ACE31900F88A1A /* ApiNasa */ = {
			isa = PBXGroup;
			children = (
				2281BD7223ACE81C00F88A1A /* ApiNasaConfigurator.swift */,
				2281BD6C23ACE3BC00F88A1A /* ApiNasaView.swift */,
				2281BD7023ACE7E100F88A1A /* ApiNasaViewController.swift */,
				2281BD7423ACE83F00F88A1A /* ApiNasaPresenter.swift */,
				2281BD7623ACE85F00F88A1A /* ApiNasaWireframe.swift */,
			);
			path = ApiNasa;
			sourceTree = "<group>";
		};
		69CE89EF8E99FCBA1B06A207 /* Frameworks */ = {
			isa = PBXGroup;
			children = (
				4884C45A94345D3AF9265E72 /* Pods_TareaAPI.framework */,
				53F439D78C09449DD775CA19 /* Pods_TareaAPI_TareaAPIUITests.framework */,
				789D96A4020C42037AAFCA52 /* Pods_TareaAPITests.framework */,
			);
			name = Frameworks;
			sourceTree = "<group>";
		};
		899D1DF581DBB962AAAA3485 /* Pods */ = {
			isa = PBXGroup;
			children = (
				B892E5AB4054B68E11246C74 /* Pods-TareaAPI.debug.xcconfig */,
				0593E54D9906CE722C052EF1 /* Pods-TareaAPI.release.xcconfig */,
				3FBBE77563C6472A5A7A9BFD /* Pods-TareaAPI-TareaAPIUITests.debug.xcconfig */,
				0AC5EBFCEC49745B750FE7ED /* Pods-TareaAPI-TareaAPIUITests.release.xcconfig */,
				D675DB9259DBD1DA8A9653E3 /* Pods-TareaAPITests.debug.xcconfig */,
				93AEEB5A411DE4923DC9BC6F /* Pods-TareaAPITests.release.xcconfig */,
			);
			path = Pods;
			sourceTree = "<group>";
		};
/* End PBXGroup section */

/* Begin PBXNativeTarget section */
		2281BD3723ACE0A100F88A1A /* TareaAPI */ = {
			isa = PBXNativeTarget;
			buildConfigurationList = 2281BD6223ACE0A400F88A1A /* Build configuration list for PBXNativeTarget "TareaAPI" */;
			buildPhases = (
				83E7F0BCFE8A0291550C0721 /* [CP] Check Pods Manifest.lock */,
				2281BD3423ACE0A100F88A1A /* Sources */,
				2281BD3523ACE0A100F88A1A /* Frameworks */,
				2281BD3623ACE0A100F88A1A /* Resources */,
			);
			buildRules = (
			);
			dependencies = (
			);
			name = TareaAPI;
			productName = TareaAPI;
			productReference = 2281BD3823ACE0A100F88A1A /* TareaAPI.app */;
			productType = "com.apple.product-type.application";
		};
		2281BD4D23ACE0A400F88A1A /* TareaAPITests */ = {
			isa = PBXNativeTarget;
			buildConfigurationList = 2281BD6523ACE0A400F88A1A /* Build configuration list for PBXNativeTarget "TareaAPITests" */;
			buildPhases = (
				19C7EBD337EC3D9F44C4A597 /* [CP] Check Pods Manifest.lock */,
				2281BD4A23ACE0A400F88A1A /* Sources */,
				2281BD4B23ACE0A400F88A1A /* Frameworks */,
				2281BD4C23ACE0A400F88A1A /* Resources */,
			);
			buildRules = (
			);
			dependencies = (
				2281BD5023ACE0A400F88A1A /* PBXTargetDependency */,
			);
			name = TareaAPITests;
			productName = TareaAPITests;
			productReference = 2281BD4E23ACE0A400F88A1A /* TareaAPITests.xctest */;
			productType = "com.apple.product-type.bundle.unit-test";
		};
		2281BD5823ACE0A400F88A1A /* TareaAPIUITests */ = {
			isa = PBXNativeTarget;
			buildConfigurationList = 2281BD6823ACE0A400F88A1A /* Build configuration list for PBXNativeTarget "TareaAPIUITests" */;
			buildPhases = (
				55438F9F50B5E311030133F6 /* [CP] Check Pods Manifest.lock */,
				2281BD5523ACE0A400F88A1A /* Sources */,
				2281BD5623ACE0A400F88A1A /* Frameworks */,
				2281BD5723ACE0A400F88A1A /* Resources */,
			);
			buildRules = (
			);
			dependencies = (
				2281BD5B23ACE0A400F88A1A /* PBXTargetDependency */,
			);
			name = TareaAPIUITests;
			productName = TareaAPIUITests;
			productReference = 2281BD5923ACE0A400F88A1A /* TareaAPIUITests.xctest */;
			productType = "com.apple.product-type.bundle.ui-testing";
		};
/* End PBXNativeTarget section */

/* Begin PBXProject section */
		2281BD3023ACE0A100F88A1A /* Project object */ = {
			isa = PBXProject;
			attributes = {
				LastSwiftUpdateCheck = 1130;
				LastUpgradeCheck = 1130;
				ORGANIZATIONNAME = "Gloria Flaqué García";
				TargetAttributes = {
					2281BD3723ACE0A100F88A1A = {
						CreatedOnToolsVersion = 11.3;
					};
					2281BD4D23ACE0A400F88A1A = {
						CreatedOnToolsVersion = 11.3;
						TestTargetID = 2281BD3723ACE0A100F88A1A;
					};
					2281BD5823ACE0A400F88A1A = {
						CreatedOnToolsVersion = 11.3;
						TestTargetID = 2281BD3723ACE0A100F88A1A;
					};
				};
			};
			buildConfigurationList = 2281BD3323ACE0A100F88A1A /* Build configuration list for PBXProject "TareaAPI" */;
			compatibilityVersion = "Xcode 9.3";
			developmentRegion = en;
			hasScannedForEncodings = 0;
			knownRegions = (
				en,
				Base,
			);
			mainGroup = 2281BD2F23ACE0A100F88A1A;
			productRefGroup = 2281BD3923ACE0A100F88A1A /* Products */;
			projectDirPath = "";
			projectRoot = "";
			targets = (
				2281BD3723ACE0A100F88A1A /* TareaAPI */,
				2281BD4D23ACE0A400F88A1A /* TareaAPITests */,
				2281BD5823ACE0A400F88A1A /* TareaAPIUITests */,
			);
		};
/* End PBXProject section */

/* Begin PBXResourcesBuildPhase section */
		2281BD3623ACE0A100F88A1A /* Resources */ = {
			isa = PBXResourcesBuildPhase;
			buildActionMask = 2147483647;
			files = (
				2281BD4823ACE0A400F88A1A /* LaunchScreen.storyboard in Resources */,
				2281BD4523ACE0A400F88A1A /* Preview Assets.xcassets in Resources */,
				2281BD4223ACE0A400F88A1A /* Assets.xcassets in Resources */,
				2281BD7923ACEE3000F88A1A /* Main.storyboard in Resources */,
			);
			runOnlyForDeploymentPostprocessing = 0;
		};
		2281BD4C23ACE0A400F88A1A /* Resources */ = {
			isa = PBXResourcesBuildPhase;
			buildActionMask = 2147483647;
			files = (
			);
			runOnlyForDeploymentPostprocessing = 0;
		};
		2281BD5723ACE0A400F88A1A /* Resources */ = {
			isa = PBXResourcesBuildPhase;
			buildActionMask = 2147483647;
			files = (
			);
			runOnlyForDeploymentPostprocessing = 0;
		};
/* End PBXResourcesBuildPhase section */

/* Begin PBXShellScriptBuildPhase section */
		19C7EBD337EC3D9F44C4A597 /* [CP] Check Pods Manifest.lock */ = {
			isa = PBXShellScriptBuildPhase;
			buildActionMask = 2147483647;
			files = (
			);
			inputFileListPaths = (
			);
			inputPaths = (
				"${PODS_PODFILE_DIR_PATH}/Podfile.lock",
				"${PODS_ROOT}/Manifest.lock",
			);
			name = "[CP] Check Pods Manifest.lock";
			outputFileListPaths = (
			);
			outputPaths = (
				"$(DERIVED_FILE_DIR)/Pods-TareaAPITests-checkManifestLockResult.txt",
			);
			runOnlyForDeploymentPostprocessing = 0;
			shellPath = /bin/sh;
			shellScript = "diff \"${PODS_PODFILE_DIR_PATH}/Podfile.lock\" \"${PODS_ROOT}/Manifest.lock\" > /dev/null\nif [ $? != 0 ] ; then\n    # print error to STDERR\n    echo \"error: The sandbox is not in sync with the Podfile.lock. Run 'pod install' or update your CocoaPods installation.\" >&2\n    exit 1\nfi\n# This output is used by Xcode 'outputs' to avoid re-running this script phase.\necho \"SUCCESS\" > \"${SCRIPT_OUTPUT_FILE_0}\"\n";
			showEnvVarsInLog = 0;
		};
		55438F9F50B5E311030133F6 /* [CP] Check Pods Manifest.lock */ = {
			isa = PBXShellScriptBuildPhase;
			buildActionMask = 2147483647;
			files = (
			);
			inputFileListPaths = (
			);
			inputPaths = (
				"${PODS_PODFILE_DIR_PATH}/Podfile.lock",
				"${PODS_ROOT}/Manifest.lock",
			);
			name = "[CP] Check Pods Manifest.lock";
			outputFileListPaths = (
			);
			outputPaths = (
				"$(DERIVED_FILE_DIR)/Pods-TareaAPI-TareaAPIUITests-checkManifestLockResult.txt",
			);
			runOnlyForDeploymentPostprocessing = 0;
			shellPath = /bin/sh;
			shellScript = "diff \"${PODS_PODFILE_DIR_PATH}/Podfile.lock\" \"${PODS_ROOT}/Manifest.lock\" > /dev/null\nif [ $? != 0 ] ; then\n    # print error to STDERR\n    echo \"error: The sandbox is not in sync with the Podfile.lock. Run 'pod install' or update your CocoaPods installation.\" >&2\n    exit 1\nfi\n# This output is used by Xcode 'outputs' to avoid re-running this script phase.\necho \"SUCCESS\" > \"${SCRIPT_OUTPUT_FILE_0}\"\n";
			showEnvVarsInLog = 0;
		};
		83E7F0BCFE8A0291550C0721 /* [CP] Check Pods Manifest.lock */ = {
			isa = PBXShellScriptBuildPhase;
			buildActionMask = 2147483647;
			files = (
			);
			inputFileListPaths = (
			);
			inputPaths = (
				"${PODS_PODFILE_DIR_PATH}/Podfile.lock",
				"${PODS_ROOT}/Manifest.lock",
			);
			name = "[CP] Check Pods Manifest.lock";
			outputFileListPaths = (
			);
			outputPaths = (
				"$(DERIVED_FILE_DIR)/Pods-TareaAPI-checkManifestLockResult.txt",
			);
			runOnlyForDeploymentPostprocessing = 0;
			shellPath = /bin/sh;
			shellScript = "diff \"${PODS_PODFILE_DIR_PATH}/Podfile.lock\" \"${PODS_ROOT}/Manifest.lock\" > /dev/null\nif [ $? != 0 ] ; then\n    # print error to STDERR\n    echo \"error: The sandbox is not in sync with the Podfile.lock. Run 'pod install' or update your CocoaPods installation.\" >&2\n    exit 1\nfi\n# This output is used by Xcode 'outputs' to avoid re-running this script phase.\necho \"SUCCESS\" > \"${SCRIPT_OUTPUT_FILE_0}\"\n";
			showEnvVarsInLog = 0;
		};
/* End PBXShellScriptBuildPhase section */

/* Begin PBXSourcesBuildPhase section */
		2281BD3423ACE0A100F88A1A /* Sources */ = {
			isa = PBXSourcesBuildPhase;
			buildActionMask = 2147483647;
			files = (
				2281BD7723ACE85F00F88A1A /* ApiNasaWireframe.swift in Sources */,
				2281BD6D23ACE3BC00F88A1A /* ApiNasaView.swift in Sources */,
				2281BD7B23ACFDEA00F88A1A /* NasaData.swift in Sources */,
				2281BD3C23ACE0A100F88A1A /* AppDelegate.swift in Sources */,
				2281BD7523ACE83F00F88A1A /* ApiNasaPresenter.swift in Sources */,
				2281BD7323ACE81C00F88A1A /* ApiNasaConfigurator.swift in Sources */,
				2281BD3E23ACE0A100F88A1A /* SceneDelegate.swift in Sources */,
				2281BD7123ACE7E100F88A1A /* ApiNasaViewController.swift in Sources */,
				2281BD4023ACE0A100F88A1A /* ContentView.swift in Sources */,
			);
			runOnlyForDeploymentPostprocessing = 0;
		};
		2281BD4A23ACE0A400F88A1A /* Sources */ = {
			isa = PBXSourcesBuildPhase;
			buildActionMask = 2147483647;
			files = (
				2281BD5323ACE0A400F88A1A /* TareaAPITests.swift in Sources */,
			);
			runOnlyForDeploymentPostprocessing = 0;
		};
		2281BD5523ACE0A400F88A1A /* Sources */ = {
			isa = PBXSourcesBuildPhase;
			buildActionMask = 2147483647;
			files = (
				2281BD5E23ACE0A400F88A1A /* TareaAPIUITests.swift in Sources */,
			);
			runOnlyForDeploymentPostprocessing = 0;
		};
/* End PBXSourcesBuildPhase section */

/* Begin PBXTargetDependency section */
		2281BD5023ACE0A400F88A1A /* PBXTargetDependency */ = {
			isa = PBXTargetDependency;
			target = 2281BD3723ACE0A100F88A1A /* TareaAPI */;
			targetProxy = 2281BD4F23ACE0A400F88A1A /* PBXContainerItemProxy */;
		};
		2281BD5B23ACE0A400F88A1A /* PBXTargetDependency */ = {
			isa = PBXTargetDependency;
			target = 2281BD3723ACE0A100F88A1A /* TareaAPI */;
			targetProxy = 2281BD5A23ACE0A400F88A1A /* PBXContainerItemProxy */;
		};
/* End PBXTargetDependency section */

/* Begin PBXVariantGroup section */
		2281BD4623ACE0A400F88A1A /* LaunchScreen.storyboard */ = {
			isa = PBXVariantGroup;
			children = (
				2281BD4723ACE0A400F88A1A /* Base */,
			);
			name = LaunchScreen.storyboard;
			sourceTree = "<group>";
		};
/* End PBXVariantGroup section */

/* Begin XCBuildConfiguration section */
		2281BD6023ACE0A400F88A1A /* Debug */ = {
			isa = XCBuildConfiguration;
			buildSettings = {
				ALWAYS_SEARCH_USER_PATHS = NO;
				CLANG_ANALYZER_NONNULL = YES;
				CLANG_ANALYZER_NUMBER_OBJECT_CONVERSION = YES_AGGRESSIVE;
				CLANG_CXX_LANGUAGE_STANDARD = "gnu++14";
				CLANG_CXX_LIBRARY = "libc++";
				CLANG_ENABLE_MODULES = YES;
				CLANG_ENABLE_OBJC_ARC = YES;
				CLANG_ENABLE_OBJC_WEAK = YES;
				CLANG_WARN_BLOCK_CAPTURE_AUTORELEASING = YES;
				CLANG_WARN_BOOL_CONVERSION = YES;
				CLANG_WARN_COMMA = YES;
				CLANG_WARN_CONSTANT_CONVERSION = YES;
				CLANG_WARN_DEPRECATED_OBJC_IMPLEMENTATIONS = YES;
				CLANG_WARN_DIRECT_OBJC_ISA_USAGE = YES_ERROR;
				CLANG_WARN_DOCUMENTATION_COMMENTS = YES;
				CLANG_WARN_EMPTY_BODY = YES;
				CLANG_WARN_ENUM_CONVERSION = YES;
				CLANG_WARN_INFINITE_RECURSION = YES;
				CLANG_WARN_INT_CONVERSION = YES;
				CLANG_WARN_NON_LITERAL_NULL_CONVERSION = YES;
				CLANG_WARN_OBJC_IMPLICIT_RETAIN_SELF = YES;
				CLANG_WARN_OBJC_LITERAL_CONVERSION = YES;
				CLANG_WARN_OBJC_ROOT_CLASS = YES_ERROR;
				CLANG_WARN_RANGE_LOOP_ANALYSIS = YES;
				CLANG_WARN_STRICT_PROTOTYPES = YES;
				CLANG_WARN_SUSPICIOUS_MOVE = YES;
				CLANG_WARN_UNGUARDED_AVAILABILITY = YES_AGGRESSIVE;
				CLANG_WARN_UNREACHABLE_CODE = YES;
				CLANG_WARN__DUPLICATE_METHOD_MATCH = YES;
				COPY_PHASE_STRIP = NO;
				DEBUG_INFORMATION_FORMAT = dwarf;
				ENABLE_STRICT_OBJC_MSGSEND = YES;
				ENABLE_TESTABILITY = YES;
				GCC_C_LANGUAGE_STANDARD = gnu11;
				GCC_DYNAMIC_NO_PIC = NO;
				GCC_NO_COMMON_BLOCKS = YES;
				GCC_OPTIMIZATION_LEVEL = 0;
				GCC_PREPROCESSOR_DEFINITIONS = (
					"DEBUG=1",
					"$(inherited)",
				);
				GCC_WARN_64_TO_32_BIT_CONVERSION = YES;
				GCC_WARN_ABOUT_RETURN_TYPE = YES_ERROR;
				GCC_WARN_UNDECLARED_SELECTOR = YES;
				GCC_WARN_UNINITIALIZED_AUTOS = YES_AGGRESSIVE;
				GCC_WARN_UNUSED_FUNCTION = YES;
				GCC_WARN_UNUSED_VARIABLE = YES;
				IPHONEOS_DEPLOYMENT_TARGET = 13.2;
				MTL_ENABLE_DEBUG_INFO = INCLUDE_SOURCE;
				MTL_FAST_MATH = YES;
				ONLY_ACTIVE_ARCH = YES;
				SDKROOT = iphoneos;
				SWIFT_ACTIVE_COMPILATION_CONDITIONS = DEBUG;
				SWIFT_OPTIMIZATION_LEVEL = "-Onone";
			};
			name = Debug;
		};
		2281BD6123ACE0A400F88A1A /* Release */ = {
			isa = XCBuildConfiguration;
			buildSettings = {
				ALWAYS_SEARCH_USER_PATHS = NO;
				CLANG_ANALYZER_NONNULL = YES;
				CLANG_ANALYZER_NUMBER_OBJECT_CONVERSION = YES_AGGRESSIVE;
				CLANG_CXX_LANGUAGE_STANDARD = "gnu++14";
				CLANG_CXX_LIBRARY = "libc++";
				CLANG_ENABLE_MODULES = YES;
				CLANG_ENABLE_OBJC_ARC = YES;
				CLANG_ENABLE_OBJC_WEAK = YES;
				CLANG_WARN_BLOCK_CAPTURE_AUTORELEASING = YES;
				CLANG_WARN_BOOL_CONVERSION = YES;
				CLANG_WARN_COMMA = YES;
				CLANG_WARN_CONSTANT_CONVERSION = YES;
				CLANG_WARN_DEPRECATED_OBJC_IMPLEMENTATIONS = YES;
				CLANG_WARN_DIRECT_OBJC_ISA_USAGE = YES_ERROR;
				CLANG_WARN_DOCUMENTATION_COMMENTS = YES;
				CLANG_WARN_EMPTY_BODY = YES;
				CLANG_WARN_ENUM_CONVERSION = YES;
				CLANG_WARN_INFINITE_RECURSION = YES;
				CLANG_WARN_INT_CONVERSION = YES;
				CLANG_WARN_NON_LITERAL_NULL_CONVERSION = YES;
				CLANG_WARN_OBJC_IMPLICIT_RETAIN_SELF = YES;
				CLANG_WARN_OBJC_LITERAL_CONVERSION = YES;
				CLANG_WARN_OBJC_ROOT_CLASS = YES_ERROR;
				CLANG_WARN_RANGE_LOOP_ANALYSIS = YES;
				CLANG_WARN_STRICT_PROTOTYPES = YES;
				CLANG_WARN_SUSPICIOUS_MOVE = YES;
				CLANG_WARN_UNGUARDED_AVAILABILITY = YES_AGGRESSIVE;
				CLANG_WARN_UNREACHABLE_CODE = YES;
				CLANG_WARN__DUPLICATE_METHOD_MATCH = YES;
				COPY_PHASE_STRIP = NO;
				DEBUG_INFORMATION_FORMAT = "dwarf-with-dsym";
				ENABLE_NS_ASSERTIONS = NO;
				ENABLE_STRICT_OBJC_MSGSEND = YES;
				GCC_C_LANGUAGE_STANDARD = gnu11;
				GCC_NO_COMMON_BLOCKS = YES;
				GCC_WARN_64_TO_32_BIT_CONVERSION = YES;
				GCC_WARN_ABOUT_RETURN_TYPE = YES_ERROR;
				GCC_WARN_UNDECLARED_SELECTOR = YES;
				GCC_WARN_UNINITIALIZED_AUTOS = YES_AGGRESSIVE;
				GCC_WARN_UNUSED_FUNCTION = YES;
				GCC_WARN_UNUSED_VARIABLE = YES;
				IPHONEOS_DEPLOYMENT_TARGET = 13.2;
				MTL_ENABLE_DEBUG_INFO = NO;
				MTL_FAST_MATH = YES;
				SDKROOT = iphoneos;
				SWIFT_COMPILATION_MODE = wholemodule;
				SWIFT_OPTIMIZATION_LEVEL = "-O";
				VALIDATE_PRODUCT = YES;
			};
			name = Release;
		};
		2281BD6323ACE0A400F88A1A /* Debug */ = {
			isa = XCBuildConfiguration;
			baseConfigurationReference = B892E5AB4054B68E11246C74 /* Pods-TareaAPI.debug.xcconfig */;
			buildSettings = {
				ASSETCATALOG_COMPILER_APPICON_NAME = AppIcon;
				CODE_SIGN_STYLE = Automatic;
				DEVELOPMENT_ASSET_PATHS = "\"TareaAPI/Preview Content\"";
				DEVELOPMENT_TEAM = 5NZ4C7K8MU;
				ENABLE_PREVIEWS = YES;
				INFOPLIST_FILE = TareaAPI/Info.plist;
				LD_RUNPATH_SEARCH_PATHS = (
					"$(inherited)",
					"@executable_path/Frameworks",
				);
				PRODUCT_BUNDLE_IDENTIFIER = com.tareaAPI.TareaAPI;
				PRODUCT_NAME = "$(TARGET_NAME)";
				SWIFT_VERSION = 5.0;
				TARGETED_DEVICE_FAMILY = "1,2";
			};
			name = Debug;
		};
		2281BD6423ACE0A400F88A1A /* Release */ = {
			isa = XCBuildConfiguration;
			baseConfigurationReference = 0593E54D9906CE722C052EF1 /* Pods-TareaAPI.release.xcconfig */;
			buildSettings = {
				ASSETCATALOG_COMPILER_APPICON_NAME = AppIcon;
				CODE_SIGN_STYLE = Automatic;
				DEVELOPMENT_ASSET_PATHS = "\"TareaAPI/Preview Content\"";
				DEVELOPMENT_TEAM = 5NZ4C7K8MU;
				ENABLE_PREVIEWS = YES;
				INFOPLIST_FILE = TareaAPI/Info.plist;
				LD_RUNPATH_SEARCH_PATHS = (
					"$(inherited)",
					"@executable_path/Frameworks",
				);
				PRODUCT_BUNDLE_IDENTIFIER = com.tareaAPI.TareaAPI;
				PRODUCT_NAME = "$(TARGET_NAME)";
				SWIFT_VERSION = 5.0;
				TARGETED_DEVICE_FAMILY = "1,2";
			};
			name = Release;
		};
		2281BD6623ACE0A400F88A1A /* Debug */ = {
			isa = XCBuildConfiguration;
			baseConfigurationReference = D675DB9259DBD1DA8A9653E3 /* Pods-TareaAPITests.debug.xcconfig */;
			buildSettings = {
				ALWAYS_EMBED_SWIFT_STANDARD_LIBRARIES = YES;
				BUNDLE_LOADER = "$(TEST_HOST)";
				CODE_SIGN_STYLE = Automatic;
				DEVELOPMENT_TEAM = 5NZ4C7K8MU;
				INFOPLIST_FILE = TareaAPITests/Info.plist;
				IPHONEOS_DEPLOYMENT_TARGET = 13.2;
				LD_RUNPATH_SEARCH_PATHS = (
					"$(inherited)",
					"@executable_path/Frameworks",
					"@loader_path/Frameworks",
				);
				PRODUCT_BUNDLE_IDENTIFIER = com.tareaAPI.TareaAPITests;
				PRODUCT_NAME = "$(TARGET_NAME)";
				SWIFT_VERSION = 5.0;
				TARGETED_DEVICE_FAMILY = "1,2";
				TEST_HOST = "$(BUILT_PRODUCTS_DIR)/TareaAPI.app/TareaAPI";
			};
			name = Debug;
		};
		2281BD6723ACE0A400F88A1A /* Release */ = {
			isa = XCBuildConfiguration;
			baseConfigurationReference = 93AEEB5A411DE4923DC9BC6F /* Pods-TareaAPITests.release.xcconfig */;
			buildSettings = {
				ALWAYS_EMBED_SWIFT_STANDARD_LIBRARIES = YES;
				BUNDLE_LOADER = "$(TEST_HOST)";
				CODE_SIGN_STYLE = Automatic;
				DEVELOPMENT_TEAM = 5NZ4C7K8MU;
				INFOPLIST_FILE = TareaAPITests/Info.plist;
				IPHONEOS_DEPLOYMENT_TARGET = 13.2;
				LD_RUNPATH_SEARCH_PATHS = (
					"$(inherited)",
					"@executable_path/Frameworks",
					"@loader_path/Frameworks",
				);
				PRODUCT_BUNDLE_IDENTIFIER = com.tareaAPI.TareaAPITests;
				PRODUCT_NAME = "$(TARGET_NAME)";
				SWIFT_VERSION = 5.0;
				TARGETED_DEVICE_FAMILY = "1,2";
				TEST_HOST = "$(BUILT_PRODUCTS_DIR)/TareaAPI.app/TareaAPI";
			};
			name = Release;
		};
		2281BD6923ACE0A400F88A1A /* Debug */ = {
			isa = XCBuildConfiguration;
			baseConfigurationReference = 3FBBE77563C6472A5A7A9BFD /* Pods-TareaAPI-TareaAPIUITests.debug.xcconfig */;
			buildSettings = {
				ALWAYS_EMBED_SWIFT_STANDARD_LIBRARIES = YES;
				CODE_SIGN_STYLE = Automatic;
				DEVELOPMENT_TEAM = 5NZ4C7K8MU;
				INFOPLIST_FILE = TareaAPIUITests/Info.plist;
				LD_RUNPATH_SEARCH_PATHS = (
					"$(inherited)",
					"@executable_path/Frameworks",
					"@loader_path/Frameworks",
				);
				PRODUCT_BUNDLE_IDENTIFIER = com.tareaAPI.TareaAPIUITests;
				PRODUCT_NAME = "$(TARGET_NAME)";
				SWIFT_VERSION = 5.0;
				TARGETED_DEVICE_FAMILY = "1,2";
				TEST_TARGET_NAME = TareaAPI;
			};
			name = Debug;
		};
		2281BD6A23ACE0A400F88A1A /* Release */ = {
			isa = XCBuildConfiguration;
			baseConfigurationReference = 0AC5EBFCEC49745B750FE7ED /* Pods-TareaAPI-TareaAPIUITests.release.xcconfig */;
			buildSettings = {
				ALWAYS_EMBED_SWIFT_STANDARD_LIBRARIES = YES;
				CODE_SIGN_STYLE = Automatic;
				DEVELOPMENT_TEAM = 5NZ4C7K8MU;
				INFOPLIST_FILE = TareaAPIUITests/Info.plist;
				LD_RUNPATH_SEARCH_PATHS = (
					"$(inherited)",
					"@executable_path/Frameworks",
					"@loader_path/Frameworks",
				);
				PRODUCT_BUNDLE_IDENTIFIER = com.tareaAPI.TareaAPIUITests;
				PRODUCT_NAME = "$(TARGET_NAME)";
				SWIFT_VERSION = 5.0;
				TARGETED_DEVICE_FAMILY = "1,2";
				TEST_TARGET_NAME = TareaAPI;
			};
			name = Release;
		};
/* End XCBuildConfiguration section */

/* Begin XCConfigurationList section */
		2281BD3323ACE0A100F88A1A /* Build configuration list for PBXProject "TareaAPI" */ = {
			isa = XCConfigurationList;
			buildConfigurations = (
				2281BD6023ACE0A400F88A1A /* Debug */,
				2281BD6123ACE0A400F88A1A /* Release */,
			);
			defaultConfigurationIsVisible = 0;
			defaultConfigurationName = Release;
		};
		2281BD6223ACE0A400F88A1A /* Build configuration list for PBXNativeTarget "TareaAPI" */ = {
			isa = XCConfigurationList;
			buildConfigurations = (
				2281BD6323ACE0A400F88A1A /* Debug */,
				2281BD6423ACE0A400F88A1A /* Release */,
			);
			defaultConfigurationIsVisible = 0;
			defaultConfigurationName = Release;
		};
		2281BD6523ACE0A400F88A1A /* Build configuration list for PBXNativeTarget "TareaAPITests" */ = {
			isa = XCConfigurationList;
			buildConfigurations = (
				2281BD6623ACE0A400F88A1A /* Debug */,
				2281BD6723ACE0A400F88A1A /* Release */,
			);
			defaultConfigurationIsVisible = 0;
			defaultConfigurationName = Release;
		};
		2281BD6823ACE0A400F88A1A /* Build configuration list for PBXNativeTarget "TareaAPIUITests" */ = {
			isa = XCConfigurationList;
			buildConfigurations = (
				2281BD6923ACE0A400F88A1A /* Debug */,
				2281BD6A23ACE0A400F88A1A /* Release */,
			);
			defaultConfigurationIsVisible = 0;
			defaultConfigurationName = Release;
		};
/* End XCConfigurationList section */
	};
	rootObject = 2281BD3023ACE0A100F88A1A /* Project object */;
}
